// !$*UTF8*$!
{
	archiveVersion = 1;
	classes = {
	};
	objectVersion = 46;
	objects = {

/* Begin PBXBuildFile section */
		6D19C1493C2570A9EC1D352A /* Pods.framework in Frameworks */ = {isa = PBXBuildFile; fileRef = 2BFD9CB582B129FC0FCFBEDD /* Pods.framework */; settings = {ATTRIBUTES = (Weak, ); }; };
		77DF40BB1B1CD9B4006084E4 /* AppDelegate.swift in Sources */ = {isa = PBXBuildFile; fileRef = 77DF40BA1B1CD9B4006084E4 /* AppDelegate.swift */; };
		77DF40C21B1CD9B4006084E4 /* Images.xcassets in Resources */ = {isa = PBXBuildFile; fileRef = 77DF40C11B1CD9B4006084E4 /* Images.xcassets */; };
		77DF40D11B1CD9B4006084E4 /* UnifyTests.swift in Sources */ = {isa = PBXBuildFile; fileRef = 77DF40D01B1CD9B4006084E4 /* UnifyTests.swift */; };
		77DF40DB1B1CDA2D006084E4 /* Main_iPhone.storyboard in Resources */ = {isa = PBXBuildFile; fileRef = 77DF40DA1B1CDA2D006084E4 /* Main_iPhone.storyboard */; };
		77DF41091B1CF28C006084E4 /* WebserviceManager.swift in Sources */ = {isa = PBXBuildFile; fileRef = 77DF41081B1CF28C006084E4 /* WebserviceManager.swift */; };
		D12A8ACC1B1CFF2F00320E1F /* ColorExtension.swift in Sources */ = {isa = PBXBuildFile; fileRef = D12A8ACB1B1CFF2F00320E1F /* ColorExtension.swift */; };
		D1360E3E1B5B2EA70071AA16 /* FontExtension.swift in Sources */ = {isa = PBXBuildFile; fileRef = D1360E3D1B5B2EA70071AA16 /* FontExtension.swift */; };
		D1479FF81B66043F002ADB69 /* HelveticaNeueLTStd-Bd.otf in Resources */ = {isa = PBXBuildFile; fileRef = D1479FF71B66043F002ADB69 /* HelveticaNeueLTStd-Bd.otf */; };
		D17CE4551B1E64CA00ED9E93 /* MessagesViewController.swift in Sources */ = {isa = PBXBuildFile; fileRef = D17CE4541B1E64CA00ED9E93 /* MessagesViewController.swift */; };
		D17CE4581B1E689800ED9E93 /* MessagesTableViewCell.swift in Sources */ = {isa = PBXBuildFile; fileRef = D17CE4561B1E689800ED9E93 /* MessagesTableViewCell.swift */; };
		D17CE4591B1E689800ED9E93 /* MessagesTableViewCell.xib in Resources */ = {isa = PBXBuildFile; fileRef = D17CE4571B1E689800ED9E93 /* MessagesTableViewCell.xib */; };
		D17CE45D1B1E9E2A00ED9E93 /* NewMessageViewController.swift in Sources */ = {isa = PBXBuildFile; fileRef = D17CE45C1B1E9E2A00ED9E93 /* NewMessageViewController.swift */; };
		D17CE4601B1EC4FE00ED9E93 /* OldMessageViewController.swift in Sources */ = {isa = PBXBuildFile; fileRef = D17CE45E1B1EC4FE00ED9E93 /* OldMessageViewController.swift */; };
		D17CE4A11B1F01FB00ED9E93 /* ProfileContentViewController.swift in Sources */ = {isa = PBXBuildFile; fileRef = D17CE4A01B1F01FB00ED9E93 /* ProfileContentViewController.swift */; };
		D17CE4A31B1F029000ED9E93 /* ProfilesViewController.swift in Sources */ = {isa = PBXBuildFile; fileRef = D17CE4A21B1F029000ED9E93 /* ProfilesViewController.swift */; };
		D17CE4AB1B20246C00ED9E93 /* ActivitiesViewController.swift in Sources */ = {isa = PBXBuildFile; fileRef = D17CE4AA1B20246C00ED9E93 /* ActivitiesViewController.swift */; };
		D17CE4B41B20318B00ED9E93 /* TwitterTweetTableViewCell.swift in Sources */ = {isa = PBXBuildFile; fileRef = D17CE4B21B20318B00ED9E93 /* TwitterTweetTableViewCell.swift */; };
		D17CE4B51B20318B00ED9E93 /* TwitterTweetTableViewCell.xib in Resources */ = {isa = PBXBuildFile; fileRef = D17CE4B31B20318B00ED9E93 /* TwitterTweetTableViewCell.xib */; };
		D17CE4B81B203B9000ED9E93 /* TwitterActivityTableViewCell.swift in Sources */ = {isa = PBXBuildFile; fileRef = D17CE4B61B203B9000ED9E93 /* TwitterActivityTableViewCell.swift */; };
		D17CE4B91B203B9000ED9E93 /* TwitterActivityTableViewCell.xib in Resources */ = {isa = PBXBuildFile; fileRef = D17CE4B71B203B9000ED9E93 /* TwitterActivityTableViewCell.xib */; };
		D17CE4BE1B2040BA00ED9E93 /* PhotoVideoTableViewCell.swift in Sources */ = {isa = PBXBuildFile; fileRef = D17CE4BC1B2040BA00ED9E93 /* PhotoVideoTableViewCell.swift */; };
		D17CE4BF1B2040BA00ED9E93 /* PhotoVideoTableViewCell.xib in Resources */ = {isa = PBXBuildFile; fileRef = D17CE4BD1B2040BA00ED9E93 /* PhotoVideoTableViewCell.xib */; };
		D17CE4C31B20535D00ED9E93 /* NewsFeedViewController.swift in Sources */ = {isa = PBXBuildFile; fileRef = D17CE4C21B20535D00ED9E93 /* NewsFeedViewController.swift */; };
		D17CE4C61B20568C00ED9E93 /* ActivityTableViewCell.swift in Sources */ = {isa = PBXBuildFile; fileRef = D17CE4C41B20568C00ED9E93 /* ActivityTableViewCell.swift */; };
		D17CE4C71B20568C00ED9E93 /* ActivityTableViewCell.xib in Resources */ = {isa = PBXBuildFile; fileRef = D17CE4C51B20568C00ED9E93 /* ActivityTableViewCell.xib */; };
		D17CE4C91B205BEF00ED9E93 /* EnlargedItemViewController.swift in Sources */ = {isa = PBXBuildFile; fileRef = D17CE4C81B205BEF00ED9E93 /* EnlargedItemViewController.swift */; };
		D17CE4CE1B21B93E00ED9E93 /* TwitterClickedTableViewCell.swift in Sources */ = {isa = PBXBuildFile; fileRef = D17CE4CC1B21B93E00ED9E93 /* TwitterClickedTableViewCell.swift */; };
		D17CE4CF1B21B93E00ED9E93 /* TwitterClickedTableViewCell.xib in Resources */ = {isa = PBXBuildFile; fileRef = D17CE4CD1B21B93E00ED9E93 /* TwitterClickedTableViewCell.xib */; };
		D17CE4D61B21C78B00ED9E93 /* User.swift in Sources */ = {isa = PBXBuildFile; fileRef = D17CE4D51B21C78B00ED9E93 /* User.swift */; };
		D183E1B61B6DC869009455B5 /* CombinedProfileTableViewCell.swift in Sources */ = {isa = PBXBuildFile; fileRef = D183E1B41B6DC869009455B5 /* CombinedProfileTableViewCell.swift */; };
		D183E1B71B6DC869009455B5 /* CombinedProfileTableViewCell.xib in Resources */ = {isa = PBXBuildFile; fileRef = D183E1B51B6DC869009455B5 /* CombinedProfileTableViewCell.xib */; };
		D183E1BE1B6DD706009455B5 /* InstagramProfileTableViewCell.swift in Sources */ = {isa = PBXBuildFile; fileRef = D183E1BC1B6DD706009455B5 /* InstagramProfileTableViewCell.swift */; };
		D183E1BF1B6DD706009455B5 /* InstagramProfileTableViewCell.xib in Resources */ = {isa = PBXBuildFile; fileRef = D183E1BD1B6DD706009455B5 /* InstagramProfileTableViewCell.xib */; };
		D183E1C21B6DD716009455B5 /* TumblrProfileTableViewCell.swift in Sources */ = {isa = PBXBuildFile; fileRef = D183E1C01B6DD716009455B5 /* TumblrProfileTableViewCell.swift */; };
		D183E1C31B6DD716009455B5 /* TumblrProfileTableViewCell.xib in Resources */ = {isa = PBXBuildFile; fileRef = D183E1C11B6DD716009455B5 /* TumblrProfileTableViewCell.xib */; };
		D183E1C61B6DD723009455B5 /* VineProfileTableViewCell.swift in Sources */ = {isa = PBXBuildFile; fileRef = D183E1C41B6DD723009455B5 /* VineProfileTableViewCell.swift */; };
		D183E1C71B6DD723009455B5 /* VineProfileTableViewCell.xib in Resources */ = {isa = PBXBuildFile; fileRef = D183E1C51B6DD723009455B5 /* VineProfileTableViewCell.xib */; };
		D183E1CA1B6DD733009455B5 /* TwitterProfileTableViewCell.swift in Sources */ = {isa = PBXBuildFile; fileRef = D183E1C81B6DD733009455B5 /* TwitterProfileTableViewCell.swift */; };
		D183E1CB1B6DD733009455B5 /* TwitterProfileTableViewCell.xib in Resources */ = {isa = PBXBuildFile; fileRef = D183E1C91B6DD733009455B5 /* TwitterProfileTableViewCell.xib */; };
		D183E1D21B6DF9BE009455B5 /* TumblrOwnProfileTableViewCell.swift in Sources */ = {isa = PBXBuildFile; fileRef = D183E1D01B6DF9BE009455B5 /* TumblrOwnProfileTableViewCell.swift */; };
		D183E1D31B6DF9BE009455B5 /* TumblrOwnProfileTableViewCell.xib in Resources */ = {isa = PBXBuildFile; fileRef = D183E1D11B6DF9BE009455B5 /* TumblrOwnProfileTableViewCell.xib */; };
		D1855BDD1B50666300A5A244 /* SettingsTableViewController.swift in Sources */ = {isa = PBXBuildFile; fileRef = D1855BDC1B50666300A5A244 /* SettingsTableViewController.swift */; };
		D1855BDF1B50818100A5A244 /* ReportProblemTableViewController.swift in Sources */ = {isa = PBXBuildFile; fileRef = D1855BDE1B50818100A5A244 /* ReportProblemTableViewController.swift */; };
		D1855BE31B50918C00A5A244 /* UIKitExtensions.swift in Sources */ = {isa = PBXBuildFile; fileRef = D1855BE21B50918C00A5A244 /* UIKitExtensions.swift */; };
		D1855BE61B50925900A5A244 /* TextViewTableViewCell.swift in Sources */ = {isa = PBXBuildFile; fileRef = D1855BE41B50925900A5A244 /* TextViewTableViewCell.swift */; };
		D1855BE71B50925900A5A244 /* TextViewTableViewCell.xib in Resources */ = {isa = PBXBuildFile; fileRef = D1855BE51B50925900A5A244 /* TextViewTableViewCell.xib */; };
		D1855BE91B509D2200A5A244 /* FeedbackTableViewController.swift in Sources */ = {isa = PBXBuildFile; fileRef = D1855BE81B509D2200A5A244 /* FeedbackTableViewController.swift */; };
		D1B9E0271B2CEF1600F59444 /* ActivityContentViewController.swift in Sources */ = {isa = PBXBuildFile; fileRef = D1B9E0261B2CEF1600F59444 /* ActivityContentViewController.swift */; };
		D1B9E0291B2CF2C200F59444 /* FeedContentViewController.swift in Sources */ = {isa = PBXBuildFile; fileRef = D1B9E0281B2CF2C200F59444 /* FeedContentViewController.swift */; };
		D1B9E02F1B2D0BAC00F59444 /* CustomRefreshControl.swift in Sources */ = {isa = PBXBuildFile; fileRef = D1B9E02E1B2D0BAC00F59444 /* CustomRefreshControl.swift */; };
		D1B9E0381B30030D00F59444 /* CommentsTableViewCell.swift in Sources */ = {isa = PBXBuildFile; fileRef = D1B9E0361B30030D00F59444 /* CommentsTableViewCell.swift */; };
		D1B9E0391B30030D00F59444 /* CommentsTableViewCell.xib in Resources */ = {isa = PBXBuildFile; fileRef = D1B9E0371B30030D00F59444 /* CommentsTableViewCell.xib */; };
		D1B9E03B1B30061C00F59444 /* CommentsViewController.swift in Sources */ = {isa = PBXBuildFile; fileRef = D1B9E03A1B30061C00F59444 /* CommentsViewController.swift */; };
		D1B9E03E1B30066E00F59444 /* NumLikesTableViewCell.swift in Sources */ = {isa = PBXBuildFile; fileRef = D1B9E03C1B30066E00F59444 /* NumLikesTableViewCell.swift */; };
		D1B9E03F1B30066E00F59444 /* NumLikesTableViewCell.xib in Resources */ = {isa = PBXBuildFile; fileRef = D1B9E03D1B30066E00F59444 /* NumLikesTableViewCell.xib */; };
		D1DA88701B50EDF300B7D344 /* SocialNetworksTableViewController.swift in Sources */ = {isa = PBXBuildFile; fileRef = D1DA886F1B50EDF300B7D344 /* SocialNetworksTableViewController.swift */; };
		D1DA88721B50EF6100B7D344 /* ConnectedSocialNetworkTableViewCell.swift in Sources */ = {isa = PBXBuildFile; fileRef = D1DA88711B50EF6100B7D344 /* ConnectedSocialNetworkTableViewCell.swift */; };
		D1DA88741B50F1D200B7D344 /* UnconnectedSocialNetworkTableViewCell.swift in Sources */ = {isa = PBXBuildFile; fileRef = D1DA88731B50F1D200B7D344 /* UnconnectedSocialNetworkTableViewCell.swift */; };
		D1DA88761B5108F300B7D344 /* PushNotificationTableViewCell.swift in Sources */ = {isa = PBXBuildFile; fileRef = D1DA88751B5108F300B7D344 /* PushNotificationTableViewCell.swift */; };
		D1DA88781B51095F00B7D344 /* PushNotificationTableViewController.swift in Sources */ = {isa = PBXBuildFile; fileRef = D1DA88771B51095F00B7D344 /* PushNotificationTableViewController.swift */; };
		D1DC333D1B2588DE00C9AFB6 /* PostStatusViewController.swift in Sources */ = {isa = PBXBuildFile; fileRef = D1DC333C1B2588DE00C9AFB6 /* PostStatusViewController.swift */; };
		D1DC333F1B258C4300C9AFB6 /* PostStatusView.xib in Resources */ = {isa = PBXBuildFile; fileRef = D1DC333E1B258C4300C9AFB6 /* PostStatusView.xib */; };
		D1DDBF711B5FF9DA00FE7EA6 /* HelveticaNeueLTStd-Lt.otf in Resources */ = {isa = PBXBuildFile; fileRef = D1DDBF701B5FF9DA00FE7EA6 /* HelveticaNeueLTStd-Lt.otf */; };
		D1DDBF731B5FF9E900FE7EA6 /* HelveticaNeueLTStd-Md.otf in Resources */ = {isa = PBXBuildFile; fileRef = D1DDBF721B5FF9E900FE7EA6 /* HelveticaNeueLTStd-Md.otf */; };
		D1DDBF751B5FF9F400FE7EA6 /* HelveticaNeueLTStd-Roman.otf in Resources */ = {isa = PBXBuildFile; fileRef = D1DDBF741B5FF9F400FE7EA6 /* HelveticaNeueLTStd-Roman.otf */; };
		D1E08BF31B377FC800E40C41 /* Util.swift in Sources */ = {isa = PBXBuildFile; fileRef = D1E08BF21B377FC800E40C41 /* Util.swift */; };
		D1F3FA821B578D68003ED306 /* NSObject+TLYSwizzlingHelpers.m in Sources */ = {isa = PBXBuildFile; fileRef = D1F3FA791B578D68003ED306 /* NSObject+TLYSwizzlingHelpers.m */; };
		D1F3FA831B578D68003ED306 /* UIViewController+BetterLayoutGuides.m in Sources */ = {isa = PBXBuildFile; fileRef = D1F3FA7B1B578D68003ED306 /* UIViewController+BetterLayoutGuides.m */; };
		D1F3FA841B578D68003ED306 /* TLYDelegateProxy.m in Sources */ = {isa = PBXBuildFile; fileRef = D1F3FA7D1B578D68003ED306 /* TLYDelegateProxy.m */; };
		D1F3FA851B578D68003ED306 /* TLYShyNavBarManager.m in Sources */ = {isa = PBXBuildFile; fileRef = D1F3FA7F1B578D68003ED306 /* TLYShyNavBarManager.m */; };
		D1F3FA861B578D68003ED306 /* TLYShyViewController.m in Sources */ = {isa = PBXBuildFile; fileRef = D1F3FA811B578D68003ED306 /* TLYShyViewController.m */; };
		E02E5D391B5541E70078E6C4 /* Reachability.swift in Sources */ = {isa = PBXBuildFile; fileRef = E02E5D381B5541E70078E6C4 /* Reachability.swift */; };
		E0349B0D1B5A4E76002A6E3E /* UnifyDetails.rtf in Resources */ = {isa = PBXBuildFile; fileRef = E0349B0C1B5A4E76002A6E3E /* UnifyDetails.rtf */; };
		E0349B0E1B5A4E76002A6E3E /* UnifyDetails.rtf in Resources */ = {isa = PBXBuildFile; fileRef = E0349B0C1B5A4E76002A6E3E /* UnifyDetails.rtf */; };
		E039B4601B5FA439002E8EF8 /* AudioToolbox.framework in Frameworks */ = {isa = PBXBuildFile; fileRef = E039B45F1B5FA439002E8EF8 /* AudioToolbox.framework */; };
		E039B4621B5FA43F002E8EF8 /* CFNetwork.framework in Frameworks */ = {isa = PBXBuildFile; fileRef = E039B4611B5FA43F002E8EF8 /* CFNetwork.framework */; };
		E039B4641B5FA44A002E8EF8 /* CoreGraphics.framework in Frameworks */ = {isa = PBXBuildFile; fileRef = E039B4631B5FA44A002E8EF8 /* CoreGraphics.framework */; };
		E039B4661B5FA454002E8EF8 /* CoreLocation.framework in Frameworks */ = {isa = PBXBuildFile; fileRef = E039B4651B5FA454002E8EF8 /* CoreLocation.framework */; };
		E039B4681B5FA45C002E8EF8 /* QuartzCore.framework in Frameworks */ = {isa = PBXBuildFile; fileRef = E039B4671B5FA45C002E8EF8 /* QuartzCore.framework */; };
		E039B46A1B5FA46A002E8EF8 /* Security.framework in Frameworks */ = {isa = PBXBuildFile; fileRef = E039B4691B5FA46A002E8EF8 /* Security.framework */; };
		E039B46E1B5FA477002E8EF8 /* SystemConfiguration.framework in Frameworks */ = {isa = PBXBuildFile; fileRef = E039B46D1B5FA477002E8EF8 /* SystemConfiguration.framework */; };
		E039B4701B5FA483002E8EF8 /* libz.dylib in Frameworks */ = {isa = PBXBuildFile; fileRef = E039B46F1B5FA483002E8EF8 /* libz.dylib */; };
		E039B4721B5FA48D002E8EF8 /* libsqlite3.dylib in Frameworks */ = {isa = PBXBuildFile; fileRef = E039B4711B5FA48D002E8EF8 /* libsqlite3.dylib */; };
		E039B4741B5FA495002E8EF8 /* Accounts.framework in Frameworks */ = {isa = PBXBuildFile; fileRef = E039B4731B5FA495002E8EF8 /* Accounts.framework */; };
		E039B4761B5FA49F002E8EF8 /* Social.framework in Frameworks */ = {isa = PBXBuildFile; fileRef = E039B4751B5FA49F002E8EF8 /* Social.framework */; };
		E039B4B11B5FAA56002E8EF8 /* libz.1.1.3.dylib in Frameworks */ = {isa = PBXBuildFile; fileRef = E039B4B01B5FAA56002E8EF8 /* libz.1.1.3.dylib */; };
		E039B4D01B5FBA3C002E8EF8 /* Parse.framework in Frameworks */ = {isa = PBXBuildFile; fileRef = E039B4CF1B5FBA3C002E8EF8 /* Parse.framework */; };
		E039B4D21B5FBAC9002E8EF8 /* Bolts.framework in Frameworks */ = {isa = PBXBuildFile; fileRef = E039B4D11B5FBAC9002E8EF8 /* Bolts.framework */; };
		E0672A561B5CE9DE0065D336 /* HomeViewController.swift in Sources */ = {isa = PBXBuildFile; fileRef = E0672A551B5CE9DE0065D336 /* HomeViewController.swift */; };
		E08747001B4BDB8F0060E5A6 /* Main_iPad.storyboard in Resources */ = {isa = PBXBuildFile; fileRef = E08746FF1B4BDB8F0060E5A6 /* Main_iPad.storyboard */; };
		E08989351B562D04000A8C33 /* ViewControllerUtils.swift in Sources */ = {isa = PBXBuildFile; fileRef = E08989341B562D04000A8C33 /* ViewControllerUtils.swift */; };
		E0A8A3EF1B4FB72D005FCD50 /* SocialMediaViewController.swift in Sources */ = {isa = PBXBuildFile; fileRef = E0A8A3ED1B4FB72D005FCD50 /* SocialMediaViewController.swift */; };
		E0A8A3F01B4FB72D005FCD50 /* StartConnectingViewController.swift in Sources */ = {isa = PBXBuildFile; fileRef = E0A8A3EE1B4FB72D005FCD50 /* StartConnectingViewController.swift */; };
		E0A8A3F81B4FB74D005FCD50 /* WebService.swift in Sources */ = {isa = PBXBuildFile; fileRef = E0A8A3F71B4FB74D005FCD50 /* WebService.swift */; };
/* End PBXBuildFile section */

/* Begin PBXContainerItemProxy section */
		77DF40CB1B1CD9B4006084E4 /* PBXContainerItemProxy */ = {
			isa = PBXContainerItemProxy;
			containerPortal = 77DF40AD1B1CD9B4006084E4 /* Project object */;
			proxyType = 1;
			remoteGlobalIDString = 77DF40B41B1CD9B4006084E4;
			remoteInfo = Unify;
		};
		E0349B021B5A360F002A6E3E /* PBXContainerItemProxy */ = {
			isa = PBXContainerItemProxy;
			containerPortal = E0349AFB1B5A360F002A6E3E /* Pods.xcodeproj */;
			proxyType = 2;
			remoteGlobalIDString = 60F46B6D7CC3172927CF93FF;
			remoteInfo = Pods;
		};
		E0349B041B5A360F002A6E3E /* PBXContainerItemProxy */ = {
			isa = PBXContainerItemProxy;
			containerPortal = E0349AFB1B5A360F002A6E3E /* Pods.xcodeproj */;
			proxyType = 2;
			remoteGlobalIDString = B22D31B7319E6715772E7430;
			remoteInfo = "Pods-Alamofire";
		};
		E0349B061B5A360F002A6E3E /* PBXContainerItemProxy */ = {
			isa = PBXContainerItemProxy;
			containerPortal = E0349AFB1B5A360F002A6E3E /* Pods.xcodeproj */;
			proxyType = 2;
			remoteGlobalIDString = 0F11E2E50E20B54A1C58F73C;
			remoteInfo = "Pods-SVProgressHUD";
		};
		E0349B081B5A360F002A6E3E /* PBXContainerItemProxy */ = {
			isa = PBXContainerItemProxy;
			containerPortal = E0349AFB1B5A360F002A6E3E /* Pods.xcodeproj */;
			proxyType = 2;
			remoteGlobalIDString = 2F519B57FA1683EE7CEE9865;
			remoteInfo = "Pods-SwiftyJSON";
		};
/* End PBXContainerItemProxy section */

/* Begin PBXCopyFilesBuildPhase section */
		E0A8A4111B4FF0F4005FCD50 /* Embed Frameworks */ = {
			isa = PBXCopyFilesBuildPhase;
			buildActionMask = 2147483647;
			dstPath = "";
			dstSubfolderSpec = 10;
			files = (
			);
			name = "Embed Frameworks";
			runOnlyForDeploymentPostprocessing = 0;
		};
/* End PBXCopyFilesBuildPhase section */

/* Begin PBXFileReference section */
		2BFD9CB582B129FC0FCFBEDD /* Pods.framework */ = {isa = PBXFileReference; explicitFileType = wrapper.framework; includeInIndex = 0; path = Pods.framework; sourceTree = BUILT_PRODUCTS_DIR; };
		3DB5FD950EB7368CF568B4A0 /* Pods.debug.xcconfig */ = {isa = PBXFileReference; includeInIndex = 1; lastKnownFileType = text.xcconfig; name = Pods.debug.xcconfig; path = "Pods/Target Support Files/Pods/Pods.debug.xcconfig"; sourceTree = "<group>"; };
		77DF40B51B1CD9B4006084E4 /* Unify.app */ = {isa = PBXFileReference; explicitFileType = wrapper.application; includeInIndex = 0; path = Unify.app; sourceTree = BUILT_PRODUCTS_DIR; };
		77DF40B91B1CD9B4006084E4 /* Info.plist */ = {isa = PBXFileReference; lastKnownFileType = text.plist.xml; path = Info.plist; sourceTree = "<group>"; };
		77DF40BA1B1CD9B4006084E4 /* AppDelegate.swift */ = {isa = PBXFileReference; lastKnownFileType = sourcecode.swift; path = AppDelegate.swift; sourceTree = "<group>"; };
		77DF40C11B1CD9B4006084E4 /* Images.xcassets */ = {isa = PBXFileReference; lastKnownFileType = folder.assetcatalog; path = Images.xcassets; sourceTree = "<group>"; };
		77DF40CA1B1CD9B4006084E4 /* UnifyTests.xctest */ = {isa = PBXFileReference; explicitFileType = wrapper.cfbundle; includeInIndex = 0; path = UnifyTests.xctest; sourceTree = BUILT_PRODUCTS_DIR; };
		77DF40CF1B1CD9B4006084E4 /* Info.plist */ = {isa = PBXFileReference; lastKnownFileType = text.plist.xml; path = Info.plist; sourceTree = "<group>"; };
		77DF40D01B1CD9B4006084E4 /* UnifyTests.swift */ = {isa = PBXFileReference; lastKnownFileType = sourcecode.swift; path = UnifyTests.swift; sourceTree = "<group>"; };
		77DF40DA1B1CDA2D006084E4 /* Main_iPhone.storyboard */ = {isa = PBXFileReference; fileEncoding = 4; lastKnownFileType = file.storyboard; name = Main_iPhone.storyboard; path = Unify/Main_iPhone.storyboard; sourceTree = "<group>"; };
		77DF40F51B1CED31006084E4 /* Unify-Bridging-Header.h */ = {isa = PBXFileReference; lastKnownFileType = sourcecode.c.h; name = "Unify-Bridging-Header.h"; path = "Unify/Unify-Bridging-Header.h"; sourceTree = "<group>"; };
		77DF41081B1CF28C006084E4 /* WebserviceManager.swift */ = {isa = PBXFileReference; fileEncoding = 4; lastKnownFileType = sourcecode.swift; path = WebserviceManager.swift; sourceTree = "<group>"; };
		B4C49C5EC9208FD9B405BB87 /* Pods.adhoc.xcconfig */ = {isa = PBXFileReference; includeInIndex = 1; lastKnownFileType = text.xcconfig; name = Pods.adhoc.xcconfig; path = "Pods/Target Support Files/Pods/Pods.adhoc.xcconfig"; sourceTree = "<group>"; };
		D12A8ACB1B1CFF2F00320E1F /* ColorExtension.swift */ = {isa = PBXFileReference; fileEncoding = 4; lastKnownFileType = sourcecode.swift; path = ColorExtension.swift; sourceTree = "<group>"; };
		D1360E3D1B5B2EA70071AA16 /* FontExtension.swift */ = {isa = PBXFileReference; fileEncoding = 4; lastKnownFileType = sourcecode.swift; path = FontExtension.swift; sourceTree = "<group>"; };
		D1479FF71B66043F002ADB69 /* HelveticaNeueLTStd-Bd.otf */ = {isa = PBXFileReference; lastKnownFileType = file; path = "HelveticaNeueLTStd-Bd.otf"; sourceTree = "<group>"; };
		D17CE4541B1E64CA00ED9E93 /* MessagesViewController.swift */ = {isa = PBXFileReference; fileEncoding = 4; lastKnownFileType = sourcecode.swift; name = MessagesViewController.swift; path = Unify/MessagesViewController.swift; sourceTree = SOURCE_ROOT; };
		D17CE4561B1E689800ED9E93 /* MessagesTableViewCell.swift */ = {isa = PBXFileReference; fileEncoding = 4; lastKnownFileType = sourcecode.swift; name = MessagesTableViewCell.swift; path = Unify/MessagesTableViewCell.swift; sourceTree = SOURCE_ROOT; };
		D17CE4571B1E689800ED9E93 /* MessagesTableViewCell.xib */ = {isa = PBXFileReference; fileEncoding = 4; lastKnownFileType = file.xib; name = MessagesTableViewCell.xib; path = Unify/MessagesTableViewCell.xib; sourceTree = SOURCE_ROOT; };
		D17CE45C1B1E9E2A00ED9E93 /* NewMessageViewController.swift */ = {isa = PBXFileReference; fileEncoding = 4; lastKnownFileType = sourcecode.swift; name = NewMessageViewController.swift; path = Unify/NewMessageViewController.swift; sourceTree = SOURCE_ROOT; };
		D17CE45E1B1EC4FE00ED9E93 /* OldMessageViewController.swift */ = {isa = PBXFileReference; fileEncoding = 4; lastKnownFileType = sourcecode.swift; name = OldMessageViewController.swift; path = Unify/OldMessageViewController.swift; sourceTree = SOURCE_ROOT; };
		D17CE4A01B1F01FB00ED9E93 /* ProfileContentViewController.swift */ = {isa = PBXFileReference; fileEncoding = 4; lastKnownFileType = sourcecode.swift; name = ProfileContentViewController.swift; path = Unify/shared/profile/views/ProfileContentViewController.swift; sourceTree = SOURCE_ROOT; };
		D17CE4A21B1F029000ED9E93 /* ProfilesViewController.swift */ = {isa = PBXFileReference; fileEncoding = 4; lastKnownFileType = sourcecode.swift; name = ProfilesViewController.swift; path = Unify/shared/profile/views/ProfilesViewController.swift; sourceTree = SOURCE_ROOT; };
		D17CE4AA1B20246C00ED9E93 /* ActivitiesViewController.swift */ = {isa = PBXFileReference; fileEncoding = 4; lastKnownFileType = sourcecode.swift; name = ActivitiesViewController.swift; path = Unify/shared/profile/views/ActivitiesViewController.swift; sourceTree = SOURCE_ROOT; };
		D17CE4B21B20318B00ED9E93 /* TwitterTweetTableViewCell.swift */ = {isa = PBXFileReference; fileEncoding = 4; lastKnownFileType = sourcecode.swift; name = TwitterTweetTableViewCell.swift; path = Unify/shared/profile/views/TwitterTweetTableViewCell.swift; sourceTree = SOURCE_ROOT; };
		D17CE4B31B20318B00ED9E93 /* TwitterTweetTableViewCell.xib */ = {isa = PBXFileReference; fileEncoding = 4; lastKnownFileType = file.xib; name = TwitterTweetTableViewCell.xib; path = Unify/shared/profile/views/TwitterTweetTableViewCell.xib; sourceTree = SOURCE_ROOT; };
		D17CE4B61B203B9000ED9E93 /* TwitterActivityTableViewCell.swift */ = {isa = PBXFileReference; fileEncoding = 4; lastKnownFileType = sourcecode.swift; name = TwitterActivityTableViewCell.swift; path = Unify/shared/profile/views/TwitterActivityTableViewCell.swift; sourceTree = SOURCE_ROOT; };
		D17CE4B71B203B9000ED9E93 /* TwitterActivityTableViewCell.xib */ = {isa = PBXFileReference; fileEncoding = 4; lastKnownFileType = file.xib; name = TwitterActivityTableViewCell.xib; path = Unify/shared/profile/views/TwitterActivityTableViewCell.xib; sourceTree = SOURCE_ROOT; };
		D17CE4BC1B2040BA00ED9E93 /* PhotoVideoTableViewCell.swift */ = {isa = PBXFileReference; fileEncoding = 4; lastKnownFileType = sourcecode.swift; path = PhotoVideoTableViewCell.swift; sourceTree = SOURCE_ROOT; };
		D17CE4BD1B2040BA00ED9E93 /* PhotoVideoTableViewCell.xib */ = {isa = PBXFileReference; fileEncoding = 4; lastKnownFileType = file.xib; path = PhotoVideoTableViewCell.xib; sourceTree = SOURCE_ROOT; };
		D17CE4C21B20535D00ED9E93 /* NewsFeedViewController.swift */ = {isa = PBXFileReference; fileEncoding = 4; lastKnownFileType = sourcecode.swift; path = NewsFeedViewController.swift; sourceTree = SOURCE_ROOT; };
		D17CE4C41B20568C00ED9E93 /* ActivityTableViewCell.swift */ = {isa = PBXFileReference; fileEncoding = 4; lastKnownFileType = sourcecode.swift; path = ActivityTableViewCell.swift; sourceTree = SOURCE_ROOT; };
		D17CE4C51B20568C00ED9E93 /* ActivityTableViewCell.xib */ = {isa = PBXFileReference; fileEncoding = 4; lastKnownFileType = file.xib; path = ActivityTableViewCell.xib; sourceTree = SOURCE_ROOT; };
		D17CE4C81B205BEF00ED9E93 /* EnlargedItemViewController.swift */ = {isa = PBXFileReference; fileEncoding = 4; lastKnownFileType = sourcecode.swift; path = EnlargedItemViewController.swift; sourceTree = SOURCE_ROOT; };
		D17CE4CC1B21B93E00ED9E93 /* TwitterClickedTableViewCell.swift */ = {isa = PBXFileReference; fileEncoding = 4; lastKnownFileType = sourcecode.swift; path = TwitterClickedTableViewCell.swift; sourceTree = SOURCE_ROOT; };
		D17CE4CD1B21B93E00ED9E93 /* TwitterClickedTableViewCell.xib */ = {isa = PBXFileReference; fileEncoding = 4; lastKnownFileType = file.xib; path = TwitterClickedTableViewCell.xib; sourceTree = SOURCE_ROOT; };
		D17CE4D51B21C78B00ED9E93 /* User.swift */ = {isa = PBXFileReference; fileEncoding = 4; lastKnownFileType = sourcecode.swift; path = User.swift; sourceTree = "<group>"; };
		D183E1B41B6DC869009455B5 /* CombinedProfileTableViewCell.swift */ = {isa = PBXFileReference; fileEncoding = 4; lastKnownFileType = sourcecode.swift; name = CombinedProfileTableViewCell.swift; path = Unify/shared/profile/views/CombinedProfileTableViewCell.swift; sourceTree = SOURCE_ROOT; };
		D183E1B51B6DC869009455B5 /* CombinedProfileTableViewCell.xib */ = {isa = PBXFileReference; fileEncoding = 4; lastKnownFileType = file.xib; name = CombinedProfileTableViewCell.xib; path = Unify/shared/profile/views/CombinedProfileTableViewCell.xib; sourceTree = SOURCE_ROOT; };
		D183E1BC1B6DD706009455B5 /* InstagramProfileTableViewCell.swift */ = {isa = PBXFileReference; fileEncoding = 4; lastKnownFileType = sourcecode.swift; name = InstagramProfileTableViewCell.swift; path = Unify/shared/profile/views/InstagramProfileTableViewCell.swift; sourceTree = SOURCE_ROOT; };
		D183E1BD1B6DD706009455B5 /* InstagramProfileTableViewCell.xib */ = {isa = PBXFileReference; fileEncoding = 4; lastKnownFileType = file.xib; name = InstagramProfileTableViewCell.xib; path = Unify/shared/profile/views/InstagramProfileTableViewCell.xib; sourceTree = SOURCE_ROOT; };
		D183E1C01B6DD716009455B5 /* TumblrProfileTableViewCell.swift */ = {isa = PBXFileReference; fileEncoding = 4; lastKnownFileType = sourcecode.swift; name = TumblrProfileTableViewCell.swift; path = Unify/shared/profile/views/TumblrProfileTableViewCell.swift; sourceTree = SOURCE_ROOT; };
		D183E1C11B6DD716009455B5 /* TumblrProfileTableViewCell.xib */ = {isa = PBXFileReference; fileEncoding = 4; lastKnownFileType = file.xib; name = TumblrProfileTableViewCell.xib; path = Unify/shared/profile/views/TumblrProfileTableViewCell.xib; sourceTree = SOURCE_ROOT; };
		D183E1C41B6DD723009455B5 /* VineProfileTableViewCell.swift */ = {isa = PBXFileReference; fileEncoding = 4; lastKnownFileType = sourcecode.swift; name = VineProfileTableViewCell.swift; path = Unify/shared/profile/views/VineProfileTableViewCell.swift; sourceTree = SOURCE_ROOT; };
		D183E1C51B6DD723009455B5 /* VineProfileTableViewCell.xib */ = {isa = PBXFileReference; fileEncoding = 4; lastKnownFileType = file.xib; name = VineProfileTableViewCell.xib; path = Unify/shared/profile/views/VineProfileTableViewCell.xib; sourceTree = SOURCE_ROOT; };
		D183E1C81B6DD733009455B5 /* TwitterProfileTableViewCell.swift */ = {isa = PBXFileReference; fileEncoding = 4; lastKnownFileType = sourcecode.swift; name = TwitterProfileTableViewCell.swift; path = Unify/shared/profile/views/TwitterProfileTableViewCell.swift; sourceTree = SOURCE_ROOT; };
		D183E1C91B6DD733009455B5 /* TwitterProfileTableViewCell.xib */ = {isa = PBXFileReference; fileEncoding = 4; lastKnownFileType = file.xib; name = TwitterProfileTableViewCell.xib; path = Unify/shared/profile/views/TwitterProfileTableViewCell.xib; sourceTree = SOURCE_ROOT; };
		D183E1D01B6DF9BE009455B5 /* TumblrOwnProfileTableViewCell.swift */ = {isa = PBXFileReference; fileEncoding = 4; lastKnownFileType = sourcecode.swift; name = TumblrOwnProfileTableViewCell.swift; path = Unify/shared/profile/views/TumblrOwnProfileTableViewCell.swift; sourceTree = SOURCE_ROOT; };
		D183E1D11B6DF9BE009455B5 /* TumblrOwnProfileTableViewCell.xib */ = {isa = PBXFileReference; fileEncoding = 4; lastKnownFileType = file.xib; name = TumblrOwnProfileTableViewCell.xib; path = Unify/shared/profile/views/TumblrOwnProfileTableViewCell.xib; sourceTree = SOURCE_ROOT; };
		D1855BDC1B50666300A5A244 /* SettingsTableViewController.swift */ = {isa = PBXFileReference; fileEncoding = 4; lastKnownFileType = sourcecode.swift; name = SettingsTableViewController.swift; path = Unify/SettingsTableViewController.swift; sourceTree = SOURCE_ROOT; };
		D1855BDE1B50818100A5A244 /* ReportProblemTableViewController.swift */ = {isa = PBXFileReference; fileEncoding = 4; lastKnownFileType = sourcecode.swift; name = ReportProblemTableViewController.swift; path = Unify/ReportProblemTableViewController.swift; sourceTree = SOURCE_ROOT; };
		D1855BE21B50918C00A5A244 /* UIKitExtensions.swift */ = {isa = PBXFileReference; fileEncoding = 4; lastKnownFileType = sourcecode.swift; path = UIKitExtensions.swift; sourceTree = "<group>"; };
		D1855BE41B50925900A5A244 /* TextViewTableViewCell.swift */ = {isa = PBXFileReference; fileEncoding = 4; lastKnownFileType = sourcecode.swift; name = TextViewTableViewCell.swift; path = Unify/TextViewTableViewCell.swift; sourceTree = SOURCE_ROOT; };
		D1855BE51B50925900A5A244 /* TextViewTableViewCell.xib */ = {isa = PBXFileReference; fileEncoding = 4; lastKnownFileType = file.xib; name = TextViewTableViewCell.xib; path = Unify/TextViewTableViewCell.xib; sourceTree = SOURCE_ROOT; };
		D1855BE81B509D2200A5A244 /* FeedbackTableViewController.swift */ = {isa = PBXFileReference; fileEncoding = 4; lastKnownFileType = sourcecode.swift; name = FeedbackTableViewController.swift; path = Unify/FeedbackTableViewController.swift; sourceTree = SOURCE_ROOT; };
		D1B9E0261B2CEF1600F59444 /* ActivityContentViewController.swift */ = {isa = PBXFileReference; fileEncoding = 4; lastKnownFileType = sourcecode.swift; path = ActivityContentViewController.swift; sourceTree = SOURCE_ROOT; };
		D1B9E0281B2CF2C200F59444 /* FeedContentViewController.swift */ = {isa = PBXFileReference; fileEncoding = 4; lastKnownFileType = sourcecode.swift; path = FeedContentViewController.swift; sourceTree = SOURCE_ROOT; };
		D1B9E02E1B2D0BAC00F59444 /* CustomRefreshControl.swift */ = {isa = PBXFileReference; fileEncoding = 4; lastKnownFileType = sourcecode.swift; path = CustomRefreshControl.swift; sourceTree = "<group>"; };
		D1B9E0361B30030D00F59444 /* CommentsTableViewCell.swift */ = {isa = PBXFileReference; fileEncoding = 4; lastKnownFileType = sourcecode.swift; name = CommentsTableViewCell.swift; path = Unify/shared/profile/views/CommentsTableViewCell.swift; sourceTree = SOURCE_ROOT; };
		D1B9E0371B30030D00F59444 /* CommentsTableViewCell.xib */ = {isa = PBXFileReference; fileEncoding = 4; lastKnownFileType = file.xib; name = CommentsTableViewCell.xib; path = Unify/shared/profile/views/CommentsTableViewCell.xib; sourceTree = SOURCE_ROOT; };
		D1B9E03A1B30061C00F59444 /* CommentsViewController.swift */ = {isa = PBXFileReference; fileEncoding = 4; lastKnownFileType = sourcecode.swift; name = CommentsViewController.swift; path = Unify/shared/profile/views/CommentsViewController.swift; sourceTree = SOURCE_ROOT; };
		D1B9E03C1B30066E00F59444 /* NumLikesTableViewCell.swift */ = {isa = PBXFileReference; fileEncoding = 4; lastKnownFileType = sourcecode.swift; name = NumLikesTableViewCell.swift; path = Unify/shared/profile/views/NumLikesTableViewCell.swift; sourceTree = SOURCE_ROOT; };
		D1B9E03D1B30066E00F59444 /* NumLikesTableViewCell.xib */ = {isa = PBXFileReference; fileEncoding = 4; lastKnownFileType = file.xib; name = NumLikesTableViewCell.xib; path = Unify/shared/profile/views/NumLikesTableViewCell.xib; sourceTree = SOURCE_ROOT; };
		D1DA886F1B50EDF300B7D344 /* SocialNetworksTableViewController.swift */ = {isa = PBXFileReference; fileEncoding = 4; lastKnownFileType = sourcecode.swift; name = SocialNetworksTableViewController.swift; path = Unify/SocialNetworksTableViewController.swift; sourceTree = SOURCE_ROOT; };
		D1DA88711B50EF6100B7D344 /* ConnectedSocialNetworkTableViewCell.swift */ = {isa = PBXFileReference; fileEncoding = 4; lastKnownFileType = sourcecode.swift; name = ConnectedSocialNetworkTableViewCell.swift; path = Unify/ConnectedSocialNetworkTableViewCell.swift; sourceTree = SOURCE_ROOT; };
		D1DA88731B50F1D200B7D344 /* UnconnectedSocialNetworkTableViewCell.swift */ = {isa = PBXFileReference; fileEncoding = 4; lastKnownFileType = sourcecode.swift; name = UnconnectedSocialNetworkTableViewCell.swift; path = Unify/UnconnectedSocialNetworkTableViewCell.swift; sourceTree = SOURCE_ROOT; };
		D1DA88751B5108F300B7D344 /* PushNotificationTableViewCell.swift */ = {isa = PBXFileReference; fileEncoding = 4; lastKnownFileType = sourcecode.swift; name = PushNotificationTableViewCell.swift; path = Unify/PushNotificationTableViewCell.swift; sourceTree = SOURCE_ROOT; };
		D1DA88771B51095F00B7D344 /* PushNotificationTableViewController.swift */ = {isa = PBXFileReference; fileEncoding = 4; lastKnownFileType = sourcecode.swift; name = PushNotificationTableViewController.swift; path = Unify/PushNotificationTableViewController.swift; sourceTree = SOURCE_ROOT; };
		D1DC333C1B2588DE00C9AFB6 /* PostStatusViewController.swift */ = {isa = PBXFileReference; fileEncoding = 4; lastKnownFileType = sourcecode.swift; name = PostStatusViewController.swift; path = Unify/shared/feed/PostStatusViewController.swift; sourceTree = SOURCE_ROOT; };
		D1DC333E1B258C4300C9AFB6 /* PostStatusView.xib */ = {isa = PBXFileReference; fileEncoding = 4; lastKnownFileType = file.xib; name = PostStatusView.xib; path = Unify/shared/feed/PostStatusView.xib; sourceTree = SOURCE_ROOT; };
		D1DDBF701B5FF9DA00FE7EA6 /* HelveticaNeueLTStd-Lt.otf */ = {isa = PBXFileReference; lastKnownFileType = file; path = "HelveticaNeueLTStd-Lt.otf"; sourceTree = "<group>"; };
		D1DDBF721B5FF9E900FE7EA6 /* HelveticaNeueLTStd-Md.otf */ = {isa = PBXFileReference; lastKnownFileType = file; path = "HelveticaNeueLTStd-Md.otf"; sourceTree = "<group>"; };
		D1DDBF741B5FF9F400FE7EA6 /* HelveticaNeueLTStd-Roman.otf */ = {isa = PBXFileReference; lastKnownFileType = file; path = "HelveticaNeueLTStd-Roman.otf"; sourceTree = "<group>"; };
		D1E08BF21B377FC800E40C41 /* Util.swift */ = {isa = PBXFileReference; fileEncoding = 4; lastKnownFileType = sourcecode.swift; path = Util.swift; sourceTree = "<group>"; };
		D1F3FA781B578D68003ED306 /* NSObject+TLYSwizzlingHelpers.h */ = {isa = PBXFileReference; fileEncoding = 4; lastKnownFileType = sourcecode.c.h; path = "NSObject+TLYSwizzlingHelpers.h"; sourceTree = "<group>"; };
		D1F3FA791B578D68003ED306 /* NSObject+TLYSwizzlingHelpers.m */ = {isa = PBXFileReference; fileEncoding = 4; lastKnownFileType = sourcecode.c.objc; path = "NSObject+TLYSwizzlingHelpers.m"; sourceTree = "<group>"; };
		D1F3FA7A1B578D68003ED306 /* UIViewController+BetterLayoutGuides.h */ = {isa = PBXFileReference; fileEncoding = 4; lastKnownFileType = sourcecode.c.h; path = "UIViewController+BetterLayoutGuides.h"; sourceTree = "<group>"; };
		D1F3FA7B1B578D68003ED306 /* UIViewController+BetterLayoutGuides.m */ = {isa = PBXFileReference; fileEncoding = 4; lastKnownFileType = sourcecode.c.objc; path = "UIViewController+BetterLayoutGuides.m"; sourceTree = "<group>"; };
		D1F3FA7C1B578D68003ED306 /* TLYDelegateProxy.h */ = {isa = PBXFileReference; fileEncoding = 4; lastKnownFileType = sourcecode.c.h; path = TLYDelegateProxy.h; sourceTree = "<group>"; };
		D1F3FA7D1B578D68003ED306 /* TLYDelegateProxy.m */ = {isa = PBXFileReference; fileEncoding = 4; lastKnownFileType = sourcecode.c.objc; path = TLYDelegateProxy.m; sourceTree = "<group>"; };
		D1F3FA7E1B578D68003ED306 /* TLYShyNavBarManager.h */ = {isa = PBXFileReference; fileEncoding = 4; lastKnownFileType = sourcecode.c.h; path = TLYShyNavBarManager.h; sourceTree = "<group>"; };
		D1F3FA7F1B578D68003ED306 /* TLYShyNavBarManager.m */ = {isa = PBXFileReference; fileEncoding = 4; lastKnownFileType = sourcecode.c.objc; path = TLYShyNavBarManager.m; sourceTree = "<group>"; };
		D1F3FA801B578D68003ED306 /* TLYShyViewController.h */ = {isa = PBXFileReference; fileEncoding = 4; lastKnownFileType = sourcecode.c.h; path = TLYShyViewController.h; sourceTree = "<group>"; };
		D1F3FA811B578D68003ED306 /* TLYShyViewController.m */ = {isa = PBXFileReference; fileEncoding = 4; lastKnownFileType = sourcecode.c.objc; path = TLYShyViewController.m; sourceTree = "<group>"; };
		D21C955EBF8C304714409D74 /* Pods.release.xcconfig */ = {isa = PBXFileReference; includeInIndex = 1; lastKnownFileType = text.xcconfig; name = Pods.release.xcconfig; path = "Pods/Target Support Files/Pods/Pods.release.xcconfig"; sourceTree = "<group>"; };
		E02E5D381B5541E70078E6C4 /* Reachability.swift */ = {isa = PBXFileReference; fileEncoding = 4; lastKnownFileType = sourcecode.swift; path = Reachability.swift; sourceTree = "<group>"; };
		E0349AFB1B5A360F002A6E3E /* Pods.xcodeproj */ = {isa = PBXFileReference; lastKnownFileType = "wrapper.pb-project"; name = Pods.xcodeproj; path = Pods/Pods.xcodeproj; sourceTree = "<group>"; };
		E0349B0C1B5A4E76002A6E3E /* UnifyDetails.rtf */ = {isa = PBXFileReference; fileEncoding = 4; lastKnownFileType = text.rtf; name = UnifyDetails.rtf; path = ../UnifyDetails.rtf; sourceTree = "<group>"; };
		E039B44A1B5F6E91002E8EF8 /* Unify.entitlements */ = {isa = PBXFileReference; lastKnownFileType = text.xml; name = Unify.entitlements; path = ../Unify/Unify.entitlements; sourceTree = "<group>"; };
		E039B45F1B5FA439002E8EF8 /* AudioToolbox.framework */ = {isa = PBXFileReference; lastKnownFileType = wrapper.framework; name = AudioToolbox.framework; path = System/Library/Frameworks/AudioToolbox.framework; sourceTree = SDKROOT; };
		E039B4611B5FA43F002E8EF8 /* CFNetwork.framework */ = {isa = PBXFileReference; lastKnownFileType = wrapper.framework; name = CFNetwork.framework; path = System/Library/Frameworks/CFNetwork.framework; sourceTree = SDKROOT; };
		E039B4631B5FA44A002E8EF8 /* CoreGraphics.framework */ = {isa = PBXFileReference; lastKnownFileType = wrapper.framework; name = CoreGraphics.framework; path = System/Library/Frameworks/CoreGraphics.framework; sourceTree = SDKROOT; };
		E039B4651B5FA454002E8EF8 /* CoreLocation.framework */ = {isa = PBXFileReference; lastKnownFileType = wrapper.framework; name = CoreLocation.framework; path = System/Library/Frameworks/CoreLocation.framework; sourceTree = SDKROOT; };
		E039B4671B5FA45C002E8EF8 /* QuartzCore.framework */ = {isa = PBXFileReference; lastKnownFileType = wrapper.framework; name = QuartzCore.framework; path = System/Library/Frameworks/QuartzCore.framework; sourceTree = SDKROOT; };
		E039B4691B5FA46A002E8EF8 /* Security.framework */ = {isa = PBXFileReference; lastKnownFileType = wrapper.framework; name = Security.framework; path = System/Library/Frameworks/Security.framework; sourceTree = SDKROOT; };
		E039B46D1B5FA477002E8EF8 /* SystemConfiguration.framework */ = {isa = PBXFileReference; lastKnownFileType = wrapper.framework; name = SystemConfiguration.framework; path = System/Library/Frameworks/SystemConfiguration.framework; sourceTree = SDKROOT; };
		E039B46F1B5FA483002E8EF8 /* libz.dylib */ = {isa = PBXFileReference; lastKnownFileType = "compiled.mach-o.dylib"; name = libz.dylib; path = usr/lib/libz.dylib; sourceTree = SDKROOT; };
		E039B4711B5FA48D002E8EF8 /* libsqlite3.dylib */ = {isa = PBXFileReference; lastKnownFileType = "compiled.mach-o.dylib"; name = libsqlite3.dylib; path = usr/lib/libsqlite3.dylib; sourceTree = SDKROOT; };
		E039B4731B5FA495002E8EF8 /* Accounts.framework */ = {isa = PBXFileReference; lastKnownFileType = wrapper.framework; name = Accounts.framework; path = System/Library/Frameworks/Accounts.framework; sourceTree = SDKROOT; };
		E039B4751B5FA49F002E8EF8 /* Social.framework */ = {isa = PBXFileReference; lastKnownFileType = wrapper.framework; name = Social.framework; path = System/Library/Frameworks/Social.framework; sourceTree = SDKROOT; };
		E039B4B01B5FAA56002E8EF8 /* libz.1.1.3.dylib */ = {isa = PBXFileReference; lastKnownFileType = "compiled.mach-o.dylib"; name = libz.1.1.3.dylib; path = usr/lib/libz.1.1.3.dylib; sourceTree = SDKROOT; };
		E039B4CF1B5FBA3C002E8EF8 /* Parse.framework */ = {isa = PBXFileReference; lastKnownFileType = wrapper.framework; path = Parse.framework; sourceTree = "<group>"; };
		E039B4D11B5FBAC9002E8EF8 /* Bolts.framework */ = {isa = PBXFileReference; lastKnownFileType = wrapper.framework; path = Bolts.framework; sourceTree = "<group>"; };
		E0672A551B5CE9DE0065D336 /* HomeViewController.swift */ = {isa = PBXFileReference; fileEncoding = 4; lastKnownFileType = sourcecode.swift; path = HomeViewController.swift; sourceTree = "<group>"; };
		E08746FF1B4BDB8F0060E5A6 /* Main_iPad.storyboard */ = {isa = PBXFileReference; fileEncoding = 4; lastKnownFileType = file.storyboard; name = Main_iPad.storyboard; path = Unify/Main_iPad.storyboard; sourceTree = "<group>"; };
		E08989341B562D04000A8C33 /* ViewControllerUtils.swift */ = {isa = PBXFileReference; fileEncoding = 4; lastKnownFileType = sourcecode.swift; path = ViewControllerUtils.swift; sourceTree = "<group>"; };
		E0A8A3ED1B4FB72D005FCD50 /* SocialMediaViewController.swift */ = {isa = PBXFileReference; fileEncoding = 4; lastKnownFileType = sourcecode.swift; path = SocialMediaViewController.swift; sourceTree = "<group>"; };
		E0A8A3EE1B4FB72D005FCD50 /* StartConnectingViewController.swift */ = {isa = PBXFileReference; fileEncoding = 4; lastKnownFileType = sourcecode.swift; path = StartConnectingViewController.swift; sourceTree = "<group>"; };
		E0A8A3F71B4FB74D005FCD50 /* WebService.swift */ = {isa = PBXFileReference; fileEncoding = 4; lastKnownFileType = sourcecode.swift; name = WebService.swift; path = Unify/WebService.swift; sourceTree = "<group>"; };
		E0A8A4141B4FF6CB005FCD50 /* OAuth2+iOS.swift */ = {isa = PBXFileReference; lastKnownFileType = sourcecode.swift; name = "OAuth2+iOS.swift"; path = "../OAuth2-master/OAuth2+iOS/OAuth2+iOS.swift"; sourceTree = "<group>"; };
/* End PBXFileReference section */

/* Begin PBXFrameworksBuildPhase section */
		77DF40B21B1CD9B4006084E4 /* Frameworks */ = {
			isa = PBXFrameworksBuildPhase;
			buildActionMask = 2147483647;
			files = (
				E039B4B11B5FAA56002E8EF8 /* libz.1.1.3.dylib in Frameworks */,
				E039B4761B5FA49F002E8EF8 /* Social.framework in Frameworks */,
				E039B4741B5FA495002E8EF8 /* Accounts.framework in Frameworks */,
				E039B4721B5FA48D002E8EF8 /* libsqlite3.dylib in Frameworks */,
				E039B4701B5FA483002E8EF8 /* libz.dylib in Frameworks */,
				E039B46E1B5FA477002E8EF8 /* SystemConfiguration.framework in Frameworks */,
				E039B4D01B5FBA3C002E8EF8 /* Parse.framework in Frameworks */,
				E039B46A1B5FA46A002E8EF8 /* Security.framework in Frameworks */,
				E039B4681B5FA45C002E8EF8 /* QuartzCore.framework in Frameworks */,
				E039B4661B5FA454002E8EF8 /* CoreLocation.framework in Frameworks */,
				E039B4641B5FA44A002E8EF8 /* CoreGraphics.framework in Frameworks */,
				E039B4D21B5FBAC9002E8EF8 /* Bolts.framework in Frameworks */,
				E039B4621B5FA43F002E8EF8 /* CFNetwork.framework in Frameworks */,
				E039B4601B5FA439002E8EF8 /* AudioToolbox.framework in Frameworks */,
				6D19C1493C2570A9EC1D352A /* Pods.framework in Frameworks */,
			);
			runOnlyForDeploymentPostprocessing = 0;
		};
		77DF40C71B1CD9B4006084E4 /* Frameworks */ = {
			isa = PBXFrameworksBuildPhase;
			buildActionMask = 2147483647;
			files = (
			);
			runOnlyForDeploymentPostprocessing = 0;
		};
/* End PBXFrameworksBuildPhase section */

/* Begin PBXGroup section */
		101B7A77A5F2EA0B43B30BAB /* Pods */ = {
			isa = PBXGroup;
			children = (
				E0349AFB1B5A360F002A6E3E /* Pods.xcodeproj */,
				3DB5FD950EB7368CF568B4A0 /* Pods.debug.xcconfig */,
				D21C955EBF8C304714409D74 /* Pods.release.xcconfig */,
				B4C49C5EC9208FD9B405BB87 /* Pods.adhoc.xcconfig */,
			);
			name = Pods;
			sourceTree = "<group>";
		};
		1615BB4CCEF396B4845C765B /* Frameworks */ = {
			isa = PBXGroup;
			children = (
				E039B4D11B5FBAC9002E8EF8 /* Bolts.framework */,
				E039B4CF1B5FBA3C002E8EF8 /* Parse.framework */,
				E039B4B01B5FAA56002E8EF8 /* libz.1.1.3.dylib */,
				E039B4751B5FA49F002E8EF8 /* Social.framework */,
				E039B4731B5FA495002E8EF8 /* Accounts.framework */,
				E039B4711B5FA48D002E8EF8 /* libsqlite3.dylib */,
				E039B46F1B5FA483002E8EF8 /* libz.dylib */,
				E039B46D1B5FA477002E8EF8 /* SystemConfiguration.framework */,
				E039B4691B5FA46A002E8EF8 /* Security.framework */,
				E039B4671B5FA45C002E8EF8 /* QuartzCore.framework */,
				E039B4651B5FA454002E8EF8 /* CoreLocation.framework */,
				E039B4631B5FA44A002E8EF8 /* CoreGraphics.framework */,
				E039B4611B5FA43F002E8EF8 /* CFNetwork.framework */,
				E039B45F1B5FA439002E8EF8 /* AudioToolbox.framework */,
				E0A8A4141B4FF6CB005FCD50 /* OAuth2+iOS.swift */,
				2BFD9CB582B129FC0FCFBEDD /* Pods.framework */,
			);
			name = Frameworks;
			sourceTree = "<group>";
		};
		77DF40AC1B1CD9B4006084E4 = {
			isa = PBXGroup;
			children = (
				D1DDBF6B1B5FF96F00FE7EA6 /* Fonts */,
				E0A8A3FD1B4FB8DC005FCD50 /* AllViewController */,
				77DF40CE1B1CD9B4006084E4 /* Supporting Files */,
				77DF40CD1B1CD9B4006084E4 /* UnifyTests */,
				77DF40B61B1CD9B4006084E4 /* Products */,
				101B7A77A5F2EA0B43B30BAB /* Pods */,
				1615BB4CCEF396B4845C765B /* Frameworks */,
			);
			sourceTree = "<group>";
		};
		77DF40B61B1CD9B4006084E4 /* Products */ = {
			isa = PBXGroup;
			children = (
				77DF40B51B1CD9B4006084E4 /* Unify.app */,
				77DF40CA1B1CD9B4006084E4 /* UnifyTests.xctest */,
			);
			name = Products;
			sourceTree = "<group>";
		};
		77DF40B71B1CD9B4006084E4 /* AppDelegate */ = {
			isa = PBXGroup;
			children = (
				77DF40BA1B1CD9B4006084E4 /* AppDelegate.swift */,
			);
			name = AppDelegate;
			path = Unify;
			sourceTree = "<group>";
		};
		77DF40B81B1CD9B4006084E4 /* Supporting Files */ = {
			isa = PBXGroup;
			children = (
				77DF40C11B1CD9B4006084E4 /* Images.xcassets */,
				77DF40B91B1CD9B4006084E4 /* Info.plist */,
			);
			name = "Supporting Files";
			path = ../Unify;
			sourceTree = "<group>";
		};
		77DF40CD1B1CD9B4006084E4 /* UnifyTests */ = {
			isa = PBXGroup;
			children = (
				77DF40D01B1CD9B4006084E4 /* UnifyTests.swift */,
			);
			path = UnifyTests;
			sourceTree = "<group>";
		};
		77DF40CE1B1CD9B4006084E4 /* Supporting Files */ = {
			isa = PBXGroup;
			children = (
				E039B44A1B5F6E91002E8EF8 /* Unify.entitlements */,
				E0349B0C1B5A4E76002A6E3E /* UnifyDetails.rtf */,
				E0A8A3FC1B4FB8B8005FCD50 /* StoryboardLayout */,
				E0A8A3FB1B4FB899005FCD50 /* WebService */,
				E0A8A3FE1B4FB8E4005FCD50 /* Unify-Bridging-Header */,
				D1F3FA761B578D68003ED306 /* TLYShyNavBar */,
				E08989381B562D07000A8C33 /* ViewControllerUtils */,
				E02E5D3A1B5541EB0078E6C4 /* Reachability */,
				77DF41051B1CF15E006084E4 /* cloud */,
				D17CE4D41B21C76600ED9E93 /* Models */,
				D12A8ACA1B1CFF0400320E1F /* Utilities */,
				77DF40B81B1CD9B4006084E4 /* Supporting Files */,
				77DF40CF1B1CD9B4006084E4 /* Info.plist */,
			);
			name = "Supporting Files";
			path = UnifyTests;
			sourceTree = "<group>";
		};
		77DF40E11B1CEB8F006084E4 /* ActivityViewController */ = {
			isa = PBXGroup;
			children = (
				77DF40E61B1CEBE6006084E4 /* cells */,
				77DF40E71B1CEBE6006084E4 /* viewControllers */,
				77DF40E81B1CEBE6006084E4 /* views */,
			);
			name = ActivityViewController;
			path = Unify/Shared/Activity;
			sourceTree = "<group>";
		};
		77DF40E21B1CEB8F006084E4 /* FeedViewController */ = {
			isa = PBXGroup;
			children = (
				77DF40E91B1CEBF2006084E4 /* cells */,
				77DF40EA1B1CEBF2006084E4 /* viewControllers */,
				77DF40EB1B1CEBF2006084E4 /* views */,
			);
			name = FeedViewController;
			path = Unify/Shared/Feed;
			sourceTree = "<group>";
		};
		77DF40E31B1CEB8F006084E4 /* MessagesViewController */ = {
			isa = PBXGroup;
			children = (
				77DF40EC1B1CEBFD006084E4 /* cells */,
				77DF40ED1B1CEBFD006084E4 /* viewControllers */,
				77DF40EE1B1CEBFD006084E4 /* views */,
			);
			name = MessagesViewController;
			path = Unify/Shared/Messages;
			sourceTree = "<group>";
		};
		77DF40E41B1CEB8F006084E4 /* ProfileViewController */ = {
			isa = PBXGroup;
			children = (
				77DF40EF1B1CEC0D006084E4 /* cells */,
				77DF40F01B1CEC0D006084E4 /* viewControllers */,
				77DF40F11B1CEC0D006084E4 /* views */,
			);
			name = ProfileViewController;
			path = Unify/Shared/Profile;
			sourceTree = "<group>";
		};
		77DF40E51B1CEB8F006084E4 /* SettingsViewController */ = {
			isa = PBXGroup;
			children = (
				77DF40F21B1CEC19006084E4 /* cells */,
				77DF40F31B1CEC19006084E4 /* viewControllers */,
				77DF40F41B1CEC19006084E4 /* views */,
			);
			name = SettingsViewController;
			path = Unify/Shared/Settings;
			sourceTree = "<group>";
		};
		77DF40E61B1CEBE6006084E4 /* cells */ = {
			isa = PBXGroup;
			children = (
				D17CE4C41B20568C00ED9E93 /* ActivityTableViewCell.swift */,
				D17CE4C51B20568C00ED9E93 /* ActivityTableViewCell.xib */,
			);
			path = cells;
			sourceTree = "<group>";
		};
		77DF40E71B1CEBE6006084E4 /* viewControllers */ = {
			isa = PBXGroup;
			children = (
				D17CE4AA1B20246C00ED9E93 /* ActivitiesViewController.swift */,
				D1B9E0261B2CEF1600F59444 /* ActivityContentViewController.swift */,
			);
			path = viewControllers;
			sourceTree = "<group>";
		};
		77DF40E81B1CEBE6006084E4 /* views */ = {
			isa = PBXGroup;
			children = (
			);
			path = views;
			sourceTree = "<group>";
		};
		77DF40E91B1CEBF2006084E4 /* cells */ = {
			isa = PBXGroup;
			children = (
				D1B9E0401B30067B00F59444 /* Swift Files */,
				D1B9E0411B30068200F59444 /* Xibs */,
			);
			path = cells;
			sourceTree = "<group>";
		};
		77DF40EA1B1CEBF2006084E4 /* viewControllers */ = {
			isa = PBXGroup;
			children = (
				D17CE4C21B20535D00ED9E93 /* NewsFeedViewController.swift */,
				D1B9E0281B2CF2C200F59444 /* FeedContentViewController.swift */,
				D17CE4C81B205BEF00ED9E93 /* EnlargedItemViewController.swift */,
				D1DC333C1B2588DE00C9AFB6 /* PostStatusViewController.swift */,
				D1B9E03A1B30061C00F59444 /* CommentsViewController.swift */,
			);
			path = viewControllers;
			sourceTree = "<group>";
		};
		77DF40EB1B1CEBF2006084E4 /* views */ = {
			isa = PBXGroup;
			children = (
				D1DC333E1B258C4300C9AFB6 /* PostStatusView.xib */,
			);
			path = views;
			sourceTree = "<group>";
		};
		77DF40EC1B1CEBFD006084E4 /* cells */ = {
			isa = PBXGroup;
			children = (
				D17CE4561B1E689800ED9E93 /* MessagesTableViewCell.swift */,
				D17CE4571B1E689800ED9E93 /* MessagesTableViewCell.xib */,
			);
			path = cells;
			sourceTree = "<group>";
		};
		77DF40ED1B1CEBFD006084E4 /* viewControllers */ = {
			isa = PBXGroup;
			children = (
				D17CE4541B1E64CA00ED9E93 /* MessagesViewController.swift */,
				D17CE45C1B1E9E2A00ED9E93 /* NewMessageViewController.swift */,
				D17CE45E1B1EC4FE00ED9E93 /* OldMessageViewController.swift */,
			);
			path = viewControllers;
			sourceTree = "<group>";
		};
		77DF40EE1B1CEBFD006084E4 /* views */ = {
			isa = PBXGroup;
			children = (
			);
			path = views;
			sourceTree = "<group>";
		};
		77DF40EF1B1CEC0D006084E4 /* cells */ = {
			isa = PBXGroup;
			children = (
				D17CE4BA1B203F2700ED9E93 /* Swift files */,
				D17CE4BB1B203F2D00ED9E93 /* Xibs */,
			);
			path = cells;
			sourceTree = "<group>";
		};
		77DF40F01B1CEC0D006084E4 /* viewControllers */ = {
			isa = PBXGroup;
			children = (
				D17CE4A01B1F01FB00ED9E93 /* ProfileContentViewController.swift */,
				D17CE4A21B1F029000ED9E93 /* ProfilesViewController.swift */,
			);
			path = viewControllers;
			sourceTree = "<group>";
		};
		77DF40F11B1CEC0D006084E4 /* views */ = {
			isa = PBXGroup;
			children = (
				D17CE49A1B1EF44D00ED9E93 /* Swift files */,
				D17CE49B1B1EF47100ED9E93 /* Xibs */,
			);
			path = views;
			sourceTree = "<group>";
		};
		77DF40F21B1CEC19006084E4 /* cells */ = {
			isa = PBXGroup;
			children = (
				D1855BE41B50925900A5A244 /* TextViewTableViewCell.swift */,
				D1DA88711B50EF6100B7D344 /* ConnectedSocialNetworkTableViewCell.swift */,
				D1DA88731B50F1D200B7D344 /* UnconnectedSocialNetworkTableViewCell.swift */,
				D1DA88751B5108F300B7D344 /* PushNotificationTableViewCell.swift */,
				D1855BE51B50925900A5A244 /* TextViewTableViewCell.xib */,
			);
			path = cells;
			sourceTree = "<group>";
		};
		77DF40F31B1CEC19006084E4 /* viewControllers */ = {
			isa = PBXGroup;
			children = (
				D1855BDC1B50666300A5A244 /* SettingsTableViewController.swift */,
				D1DA886F1B50EDF300B7D344 /* SocialNetworksTableViewController.swift */,
				D1DA88771B51095F00B7D344 /* PushNotificationTableViewController.swift */,
				D1855BDE1B50818100A5A244 /* ReportProblemTableViewController.swift */,
				D1855BE81B509D2200A5A244 /* FeedbackTableViewController.swift */,
			);
			path = viewControllers;
			sourceTree = "<group>";
		};
		77DF40F41B1CEC19006084E4 /* views */ = {
			isa = PBXGroup;
			children = (
			);
			path = views;
			sourceTree = "<group>";
		};
		77DF41051B1CF15E006084E4 /* cloud */ = {
			isa = PBXGroup;
			children = (
				77DF41081B1CF28C006084E4 /* WebserviceManager.swift */,
			);
			name = cloud;
			path = ../Unify/cloud;
			sourceTree = "<group>";
		};
		D12A8ACA1B1CFF0400320E1F /* Utilities */ = {
			isa = PBXGroup;
			children = (
				D1360E3D1B5B2EA70071AA16 /* FontExtension.swift */,
				D12A8ACB1B1CFF2F00320E1F /* ColorExtension.swift */,
				D1855BE21B50918C00A5A244 /* UIKitExtensions.swift */,
				D1B9E02E1B2D0BAC00F59444 /* CustomRefreshControl.swift */,
				D1E08BF21B377FC800E40C41 /* Util.swift */,
			);
			name = Utilities;
			path = ../Unify;
			sourceTree = "<group>";
		};
		D17CE49A1B1EF44D00ED9E93 /* Swift files */ = {
			isa = PBXGroup;
			children = (
				D183E1B41B6DC869009455B5 /* CombinedProfileTableViewCell.swift */,
				D183E1BC1B6DD706009455B5 /* InstagramProfileTableViewCell.swift */,
				D183E1C01B6DD716009455B5 /* TumblrProfileTableViewCell.swift */,
				D183E1D01B6DF9BE009455B5 /* TumblrOwnProfileTableViewCell.swift */,
				D183E1C41B6DD723009455B5 /* VineProfileTableViewCell.swift */,
				D183E1C81B6DD733009455B5 /* TwitterProfileTableViewCell.swift */,
			);
			name = "Swift files";
			sourceTree = "<group>";
		};
		D17CE49B1B1EF47100ED9E93 /* Xibs */ = {
			isa = PBXGroup;
			children = (
				D183E1B51B6DC869009455B5 /* CombinedProfileTableViewCell.xib */,
				D183E1BD1B6DD706009455B5 /* InstagramProfileTableViewCell.xib */,
				D183E1C11B6DD716009455B5 /* TumblrProfileTableViewCell.xib */,
				D183E1D11B6DF9BE009455B5 /* TumblrOwnProfileTableViewCell.xib */,
				D183E1C51B6DD723009455B5 /* VineProfileTableViewCell.xib */,
				D183E1C91B6DD733009455B5 /* TwitterProfileTableViewCell.xib */,
			);
			name = Xibs;
			sourceTree = "<group>";
		};
		D17CE4BA1B203F2700ED9E93 /* Swift files */ = {
			isa = PBXGroup;
			children = (
				D17CE4B21B20318B00ED9E93 /* TwitterTweetTableViewCell.swift */,
				D17CE4CC1B21B93E00ED9E93 /* TwitterClickedTableViewCell.swift */,
				D17CE4B61B203B9000ED9E93 /* TwitterActivityTableViewCell.swift */,
				D17CE4BC1B2040BA00ED9E93 /* PhotoVideoTableViewCell.swift */,
			);
			name = "Swift files";
			sourceTree = "<group>";
		};
		D17CE4BB1B203F2D00ED9E93 /* Xibs */ = {
			isa = PBXGroup;
			children = (
				D17CE4B31B20318B00ED9E93 /* TwitterTweetTableViewCell.xib */,
				D17CE4CD1B21B93E00ED9E93 /* TwitterClickedTableViewCell.xib */,
				D17CE4B71B203B9000ED9E93 /* TwitterActivityTableViewCell.xib */,
				D17CE4BD1B2040BA00ED9E93 /* PhotoVideoTableViewCell.xib */,
			);
			name = Xibs;
			sourceTree = "<group>";
		};
		D17CE4D41B21C76600ED9E93 /* Models */ = {
			isa = PBXGroup;
			children = (
				D17CE4D51B21C78B00ED9E93 /* User.swift */,
			);
			name = Models;
			path = ../Unify/cloud;
			sourceTree = "<group>";
		};
		D1B9E0401B30067B00F59444 /* Swift Files */ = {
			isa = PBXGroup;
			children = (
				D1B9E0361B30030D00F59444 /* CommentsTableViewCell.swift */,
				D1B9E03C1B30066E00F59444 /* NumLikesTableViewCell.swift */,
			);
			name = "Swift Files";
			sourceTree = "<group>";
		};
		D1B9E0411B30068200F59444 /* Xibs */ = {
			isa = PBXGroup;
			children = (
				D1B9E0371B30030D00F59444 /* CommentsTableViewCell.xib */,
				D1B9E03D1B30066E00F59444 /* NumLikesTableViewCell.xib */,
			);
			name = Xibs;
			sourceTree = "<group>";
		};
		D1DDBF6B1B5FF96F00FE7EA6 /* Fonts */ = {
			isa = PBXGroup;
			children = (
				D1DDBF701B5FF9DA00FE7EA6 /* HelveticaNeueLTStd-Lt.otf */,
				D1DDBF721B5FF9E900FE7EA6 /* HelveticaNeueLTStd-Md.otf */,
				D1DDBF741B5FF9F400FE7EA6 /* HelveticaNeueLTStd-Roman.otf */,
				D1479FF71B66043F002ADB69 /* HelveticaNeueLTStd-Bd.otf */,
			);
			name = Fonts;
			sourceTree = "<group>";
		};
		D1F3FA761B578D68003ED306 /* TLYShyNavBar */ = {
			isa = PBXGroup;
			children = (
				D1F3FA771B578D68003ED306 /* Categories */,
				D1F3FA7C1B578D68003ED306 /* TLYDelegateProxy.h */,
				D1F3FA7D1B578D68003ED306 /* TLYDelegateProxy.m */,
				D1F3FA7E1B578D68003ED306 /* TLYShyNavBarManager.h */,
				D1F3FA7F1B578D68003ED306 /* TLYShyNavBarManager.m */,
				D1F3FA801B578D68003ED306 /* TLYShyViewController.h */,
				D1F3FA811B578D68003ED306 /* TLYShyViewController.m */,
			);
			name = TLYShyNavBar;
			path = ../TLYShyNavBar;
			sourceTree = "<group>";
		};
		D1F3FA771B578D68003ED306 /* Categories */ = {
			isa = PBXGroup;
			children = (
				D1F3FA781B578D68003ED306 /* NSObject+TLYSwizzlingHelpers.h */,
				D1F3FA791B578D68003ED306 /* NSObject+TLYSwizzlingHelpers.m */,
				D1F3FA7A1B578D68003ED306 /* UIViewController+BetterLayoutGuides.h */,
				D1F3FA7B1B578D68003ED306 /* UIViewController+BetterLayoutGuides.m */,
			);
			path = Categories;
			sourceTree = "<group>";
		};
		E02E5D3A1B5541EB0078E6C4 /* Reachability */ = {
			isa = PBXGroup;
			children = (
				E02E5D381B5541E70078E6C4 /* Reachability.swift */,
			);
			name = Reachability;
			path = ..;
			sourceTree = "<group>";
		};
		E0349AFC1B5A360F002A6E3E /* Products */ = {
			isa = PBXGroup;
			children = (
				E0349B031B5A360F002A6E3E /* Pods.framework */,
				E0349B051B5A360F002A6E3E /* Alamofire.framework */,
				E0349B071B5A360F002A6E3E /* SVProgressHUD.framework */,
				E0349B091B5A360F002A6E3E /* SwiftyJSON.framework */,
			);
			name = Products;
			sourceTree = "<group>";
		};
		E0672A4E1B5CE98B0065D336 /* HomeScreenViewController */ = {
			isa = PBXGroup;
			children = (
				E0672A551B5CE9DE0065D336 /* HomeViewController.swift */,
			);
			name = HomeScreenViewController;
			sourceTree = "<group>";
		};
		E08989381B562D07000A8C33 /* ViewControllerUtils */ = {
			isa = PBXGroup;
			children = (
				E08989341B562D04000A8C33 /* ViewControllerUtils.swift */,
			);
			name = ViewControllerUtils;
			path = ..;
			sourceTree = "<group>";
		};
		E0A8A3F91B4FB87E005FCD50 /* SocialMediaViewController */ = {
			isa = PBXGroup;
			children = (
				E0A8A3ED1B4FB72D005FCD50 /* SocialMediaViewController.swift */,
			);
			name = SocialMediaViewController;
			sourceTree = "<group>";
		};
		E0A8A3FA1B4FB888005FCD50 /* StartConnectingViewController */ = {
			isa = PBXGroup;
			children = (
				E0A8A3EE1B4FB72D005FCD50 /* StartConnectingViewController.swift */,
			);
			name = StartConnectingViewController;
			sourceTree = "<group>";
		};
		E0A8A3FB1B4FB899005FCD50 /* WebService */ = {
			isa = PBXGroup;
			children = (
				E0A8A3F71B4FB74D005FCD50 /* WebService.swift */,
			);
			name = WebService;
			path = ..;
			sourceTree = "<group>";
		};
		E0A8A3FC1B4FB8B8005FCD50 /* StoryboardLayout */ = {
			isa = PBXGroup;
			children = (
				77DF40DA1B1CDA2D006084E4 /* Main_iPhone.storyboard */,
				E08746FF1B4BDB8F0060E5A6 /* Main_iPad.storyboard */,
			);
			name = StoryboardLayout;
			path = ..;
			sourceTree = "<group>";
		};
		E0A8A3FD1B4FB8DC005FCD50 /* AllViewController */ = {
			isa = PBXGroup;
			children = (
				77DF40B71B1CD9B4006084E4 /* AppDelegate */,
				E0672A4E1B5CE98B0065D336 /* HomeScreenViewController */,
				E0A8A3F91B4FB87E005FCD50 /* SocialMediaViewController */,
				E0A8A3FA1B4FB888005FCD50 /* StartConnectingViewController */,
				77DF40E11B1CEB8F006084E4 /* ActivityViewController */,
				77DF40E21B1CEB8F006084E4 /* FeedViewController */,
				77DF40E31B1CEB8F006084E4 /* MessagesViewController */,
				77DF40E41B1CEB8F006084E4 /* ProfileViewController */,
				77DF40E51B1CEB8F006084E4 /* SettingsViewController */,
			);
			name = AllViewController;
			sourceTree = "<group>";
		};
		E0A8A3FE1B4FB8E4005FCD50 /* Unify-Bridging-Header */ = {
			isa = PBXGroup;
			children = (
				77DF40F51B1CED31006084E4 /* Unify-Bridging-Header.h */,
			);
			name = "Unify-Bridging-Header";
			path = ..;
			sourceTree = "<group>";
		};
/* End PBXGroup section */

/* Begin PBXNativeTarget section */
		77DF40B41B1CD9B4006084E4 /* Unify */ = {
			isa = PBXNativeTarget;
			buildConfigurationList = 77DF40D41B1CD9B4006084E4 /* Build configuration list for PBXNativeTarget "Unify" */;
			buildPhases = (
				F4B976094F47A58CB4C2C8DF /* Check Pods Manifest.lock */,
				77DF40B11B1CD9B4006084E4 /* Sources */,
				77DF40B21B1CD9B4006084E4 /* Frameworks */,
				77DF40B31B1CD9B4006084E4 /* Resources */,
				AA8AF828DA512F8C122B8B34 /* Copy Pods Resources */,
				D5612879C5977E0A8977DFBE /* Embed Pods Frameworks */,
				E0A8A4111B4FF0F4005FCD50 /* Embed Frameworks */,
			);
			buildRules = (
			);
			dependencies = (
			);
			name = Unify;
			productName = Unify;
			productReference = 77DF40B51B1CD9B4006084E4 /* Unify.app */;
			productType = "com.apple.product-type.application";
		};
		77DF40C91B1CD9B4006084E4 /* UnifyTests */ = {
			isa = PBXNativeTarget;
			buildConfigurationList = 77DF40D71B1CD9B4006084E4 /* Build configuration list for PBXNativeTarget "UnifyTests" */;
			buildPhases = (
				77DF40C61B1CD9B4006084E4 /* Sources */,
				77DF40C71B1CD9B4006084E4 /* Frameworks */,
				77DF40C81B1CD9B4006084E4 /* Resources */,
			);
			buildRules = (
			);
			dependencies = (
				77DF40CC1B1CD9B4006084E4 /* PBXTargetDependency */,
			);
			name = UnifyTests;
			productName = UnifyTests;
			productReference = 77DF40CA1B1CD9B4006084E4 /* UnifyTests.xctest */;
			productType = "com.apple.product-type.bundle.unit-test";
		};
/* End PBXNativeTarget section */

/* Begin PBXProject section */
		77DF40AD1B1CD9B4006084E4 /* Project object */ = {
			isa = PBXProject;
			attributes = {
				CLASSPREFIX = U;
				LastSwiftUpdateCheck = 0700;
				LastUpgradeCheck = 0630;
				ORGANIZATIONNAME = Unify;
				TargetAttributes = {
					77DF40B41B1CD9B4006084E4 = {
						CreatedOnToolsVersion = 6.3.2;
						DevelopmentTeam = S9S784A2B4;
						SystemCapabilities = {
							com.apple.InAppPurchase = {
								enabled = 0;
							};
							com.apple.OMC = {
								enabled = 0;
							};
							com.apple.iCloud = {
								enabled = 0;
							};
						};
					};
					77DF40C91B1CD9B4006084E4 = {
						CreatedOnToolsVersion = 6.3.2;
						DevelopmentTeam = 875L3NCYK8;
						TestTargetID = 77DF40B41B1CD9B4006084E4;
					};
				};
			};
			buildConfigurationList = 77DF40B01B1CD9B4006084E4 /* Build configuration list for PBXProject "Unify" */;
			compatibilityVersion = "Xcode 3.2";
			developmentRegion = English;
			hasScannedForEncodings = 0;
			knownRegions = (
				en,
				Base,
			);
			mainGroup = 77DF40AC1B1CD9B4006084E4;
			productRefGroup = 77DF40B61B1CD9B4006084E4 /* Products */;
			projectDirPath = "";
			projectReferences = (
				{
					ProductGroup = E0349AFC1B5A360F002A6E3E /* Products */;
					ProjectRef = E0349AFB1B5A360F002A6E3E /* Pods.xcodeproj */;
				},
			);
			projectRoot = "";
			targets = (
				77DF40B41B1CD9B4006084E4 /* Unify */,
				77DF40C91B1CD9B4006084E4 /* UnifyTests */,
			);
		};
/* End PBXProject section */

/* Begin PBXReferenceProxy section */
		E0349B031B5A360F002A6E3E /* Pods.framework */ = {
			isa = PBXReferenceProxy;
			fileType = wrapper.framework;
			path = Pods.framework;
			remoteRef = E0349B021B5A360F002A6E3E /* PBXContainerItemProxy */;
			sourceTree = BUILT_PRODUCTS_DIR;
		};
		E0349B051B5A360F002A6E3E /* Alamofire.framework */ = {
			isa = PBXReferenceProxy;
			fileType = wrapper.framework;
			path = Alamofire.framework;
			remoteRef = E0349B041B5A360F002A6E3E /* PBXContainerItemProxy */;
			sourceTree = BUILT_PRODUCTS_DIR;
		};
		E0349B071B5A360F002A6E3E /* SVProgressHUD.framework */ = {
			isa = PBXReferenceProxy;
			fileType = wrapper.framework;
			path = SVProgressHUD.framework;
			remoteRef = E0349B061B5A360F002A6E3E /* PBXContainerItemProxy */;
			sourceTree = BUILT_PRODUCTS_DIR;
		};
		E0349B091B5A360F002A6E3E /* SwiftyJSON.framework */ = {
			isa = PBXReferenceProxy;
			fileType = wrapper.framework;
			path = SwiftyJSON.framework;
			remoteRef = E0349B081B5A360F002A6E3E /* PBXContainerItemProxy */;
			sourceTree = BUILT_PRODUCTS_DIR;
		};
/* End PBXReferenceProxy section */

/* Begin PBXResourcesBuildPhase section */
		77DF40B31B1CD9B4006084E4 /* Resources */ = {
			isa = PBXResourcesBuildPhase;
			buildActionMask = 2147483647;
			files = (
				D183E1C71B6DD723009455B5 /* VineProfileTableViewCell.xib in Resources */,
				D17CE4BF1B2040BA00ED9E93 /* PhotoVideoTableViewCell.xib in Resources */,
				D1479FF81B66043F002ADB69 /* HelveticaNeueLTStd-Bd.otf in Resources */,
				D1B9E03F1B30066E00F59444 /* NumLikesTableViewCell.xib in Resources */,
				D1DDBF751B5FF9F400FE7EA6 /* HelveticaNeueLTStd-Roman.otf in Resources */,
				D17CE4C71B20568C00ED9E93 /* ActivityTableViewCell.xib in Resources */,
				E08747001B4BDB8F0060E5A6 /* Main_iPad.storyboard in Resources */,
				D1B9E0391B30030D00F59444 /* CommentsTableViewCell.xib in Resources */,
				D1DDBF731B5FF9E900FE7EA6 /* HelveticaNeueLTStd-Md.otf in Resources */,
				D183E1C31B6DD716009455B5 /* TumblrProfileTableViewCell.xib in Resources */,
				D183E1BF1B6DD706009455B5 /* InstagramProfileTableViewCell.xib in Resources */,
				77DF40DB1B1CDA2D006084E4 /* Main_iPhone.storyboard in Resources */,
				D1DC333F1B258C4300C9AFB6 /* PostStatusView.xib in Resources */,
				D183E1CB1B6DD733009455B5 /* TwitterProfileTableViewCell.xib in Resources */,
				D17CE4CF1B21B93E00ED9E93 /* TwitterClickedTableViewCell.xib in Resources */,
				D17CE4B51B20318B00ED9E93 /* TwitterTweetTableViewCell.xib in Resources */,
				D1855BE71B50925900A5A244 /* TextViewTableViewCell.xib in Resources */,
				D17CE4B91B203B9000ED9E93 /* TwitterActivityTableViewCell.xib in Resources */,
				D183E1D31B6DF9BE009455B5 /* TumblrOwnProfileTableViewCell.xib in Resources */,
				E0349B0D1B5A4E76002A6E3E /* UnifyDetails.rtf in Resources */,
				D1DDBF711B5FF9DA00FE7EA6 /* HelveticaNeueLTStd-Lt.otf in Resources */,
				77DF40C21B1CD9B4006084E4 /* Images.xcassets in Resources */,
				D183E1B71B6DC869009455B5 /* CombinedProfileTableViewCell.xib in Resources */,
				D17CE4591B1E689800ED9E93 /* MessagesTableViewCell.xib in Resources */,
			);
			runOnlyForDeploymentPostprocessing = 0;
		};
		77DF40C81B1CD9B4006084E4 /* Resources */ = {
			isa = PBXResourcesBuildPhase;
			buildActionMask = 2147483647;
			files = (
				E0349B0E1B5A4E76002A6E3E /* UnifyDetails.rtf in Resources */,
			);
			runOnlyForDeploymentPostprocessing = 0;
		};
/* End PBXResourcesBuildPhase section */

/* Begin PBXShellScriptBuildPhase section */
		AA8AF828DA512F8C122B8B34 /* Copy Pods Resources */ = {
			isa = PBXShellScriptBuildPhase;
			buildActionMask = 2147483647;
			files = (
			);
			inputPaths = (
			);
			name = "Copy Pods Resources";
			outputPaths = (
			);
			runOnlyForDeploymentPostprocessing = 0;
			shellPath = /bin/sh;
			shellScript = "\"${SRCROOT}/Pods/Target Support Files/Pods/Pods-resources.sh\"\n";
			showEnvVarsInLog = 0;
		};
		D5612879C5977E0A8977DFBE /* Embed Pods Frameworks */ = {
			isa = PBXShellScriptBuildPhase;
			buildActionMask = 2147483647;
			files = (
			);
			inputPaths = (
			);
			name = "Embed Pods Frameworks";
			outputPaths = (
			);
			runOnlyForDeploymentPostprocessing = 0;
			shellPath = /bin/sh;
			shellScript = "\"${SRCROOT}/Pods/Target Support Files/Pods/Pods-frameworks.sh\"\n";
			showEnvVarsInLog = 0;
		};
		F4B976094F47A58CB4C2C8DF /* Check Pods Manifest.lock */ = {
			isa = PBXShellScriptBuildPhase;
			buildActionMask = 2147483647;
			files = (
			);
			inputPaths = (
			);
			name = "Check Pods Manifest.lock";
			outputPaths = (
			);
			runOnlyForDeploymentPostprocessing = 0;
			shellPath = /bin/sh;
			shellScript = "diff \"${PODS_ROOT}/../Podfile.lock\" \"${PODS_ROOT}/Manifest.lock\" > /dev/null\nif [[ $? != 0 ]] ; then\n    cat << EOM\nerror: The sandbox is not in sync with the Podfile.lock. Run 'pod install' or update your CocoaPods installation.\nEOM\n    exit 1\nfi\n";
			showEnvVarsInLog = 0;
		};
/* End PBXShellScriptBuildPhase section */

/* Begin PBXSourcesBuildPhase section */
		77DF40B11B1CD9B4006084E4 /* Sources */ = {
			isa = PBXSourcesBuildPhase;
			buildActionMask = 2147483647;
			files = (
				D17CE4601B1EC4FE00ED9E93 /* OldMessageViewController.swift in Sources */,
				D1855BDF1B50818100A5A244 /* ReportProblemTableViewController.swift in Sources */,
				D1E08BF31B377FC800E40C41 /* Util.swift in Sources */,
				D17CE4C61B20568C00ED9E93 /* ActivityTableViewCell.swift in Sources */,
				E08989351B562D04000A8C33 /* ViewControllerUtils.swift in Sources */,
				D1DA88721B50EF6100B7D344 /* ConnectedSocialNetworkTableViewCell.swift in Sources */,
				D17CE4C31B20535D00ED9E93 /* NewsFeedViewController.swift in Sources */,
				D1855BE31B50918C00A5A244 /* UIKitExtensions.swift in Sources */,
				D17CE4551B1E64CA00ED9E93 /* MessagesViewController.swift in Sources */,
				D1360E3E1B5B2EA70071AA16 /* FontExtension.swift in Sources */,
				D1855BDD1B50666300A5A244 /* SettingsTableViewController.swift in Sources */,
				D1B9E0271B2CEF1600F59444 /* ActivityContentViewController.swift in Sources */,
				D183E1D21B6DF9BE009455B5 /* TumblrOwnProfileTableViewCell.swift in Sources */,
				D183E1BE1B6DD706009455B5 /* InstagramProfileTableViewCell.swift in Sources */,
				D1DA88761B5108F300B7D344 /* PushNotificationTableViewCell.swift in Sources */,
				D1B9E03B1B30061C00F59444 /* CommentsViewController.swift in Sources */,
				D17CE4BE1B2040BA00ED9E93 /* PhotoVideoTableViewCell.swift in Sources */,
				D17CE4B81B203B9000ED9E93 /* TwitterActivityTableViewCell.swift in Sources */,
				D183E1CA1B6DD733009455B5 /* TwitterProfileTableViewCell.swift in Sources */,
				D1DA88781B51095F00B7D344 /* PushNotificationTableViewController.swift in Sources */,
				D1DA88741B50F1D200B7D344 /* UnconnectedSocialNetworkTableViewCell.swift in Sources */,
				E0672A561B5CE9DE0065D336 /* HomeViewController.swift in Sources */,
				D17CE45D1B1E9E2A00ED9E93 /* NewMessageViewController.swift in Sources */,
				D183E1B61B6DC869009455B5 /* CombinedProfileTableViewCell.swift in Sources */,
				D1F3FA861B578D68003ED306 /* TLYShyViewController.m in Sources */,
				D183E1C61B6DD723009455B5 /* VineProfileTableViewCell.swift in Sources */,
				D12A8ACC1B1CFF2F00320E1F /* ColorExtension.swift in Sources */,
				D1F3FA851B578D68003ED306 /* TLYShyNavBarManager.m in Sources */,
				D1F3FA841B578D68003ED306 /* TLYDelegateProxy.m in Sources */,
				D1DC333D1B2588DE00C9AFB6 /* PostStatusViewController.swift in Sources */,
				D1B9E0381B30030D00F59444 /* CommentsTableViewCell.swift in Sources */,
				D1DA88701B50EDF300B7D344 /* SocialNetworksTableViewController.swift in Sources */,
				E0A8A3F01B4FB72D005FCD50 /* StartConnectingViewController.swift in Sources */,
				D1B9E03E1B30066E00F59444 /* NumLikesTableViewCell.swift in Sources */,
				E0A8A3EF1B4FB72D005FCD50 /* SocialMediaViewController.swift in Sources */,
				D17CE4581B1E689800ED9E93 /* MessagesTableViewCell.swift in Sources */,
				D17CE4B41B20318B00ED9E93 /* TwitterTweetTableViewCell.swift in Sources */,
				E0A8A3F81B4FB74D005FCD50 /* WebService.swift in Sources */,
				D1B9E0291B2CF2C200F59444 /* FeedContentViewController.swift in Sources */,
				D17CE4A11B1F01FB00ED9E93 /* ProfileContentViewController.swift in Sources */,
				D1F3FA831B578D68003ED306 /* UIViewController+BetterLayoutGuides.m in Sources */,
				D183E1C21B6DD716009455B5 /* TumblrProfileTableViewCell.swift in Sources */,
				D1855BE61B50925900A5A244 /* TextViewTableViewCell.swift in Sources */,
				D17CE4A31B1F029000ED9E93 /* ProfilesViewController.swift in Sources */,
				D17CE4CE1B21B93E00ED9E93 /* TwitterClickedTableViewCell.swift in Sources */,
				D1855BE91B509D2200A5A244 /* FeedbackTableViewController.swift in Sources */,
				E02E5D391B5541E70078E6C4 /* Reachability.swift in Sources */,
				77DF41091B1CF28C006084E4 /* WebserviceManager.swift in Sources */,
				D1F3FA821B578D68003ED306 /* NSObject+TLYSwizzlingHelpers.m in Sources */,
				D17CE4C91B205BEF00ED9E93 /* EnlargedItemViewController.swift in Sources */,
				D17CE4D61B21C78B00ED9E93 /* User.swift in Sources */,
				D1B9E02F1B2D0BAC00F59444 /* CustomRefreshControl.swift in Sources */,
				D17CE4AB1B20246C00ED9E93 /* ActivitiesViewController.swift in Sources */,
				77DF40BB1B1CD9B4006084E4 /* AppDelegate.swift in Sources */,
			);
			runOnlyForDeploymentPostprocessing = 0;
		};
		77DF40C61B1CD9B4006084E4 /* Sources */ = {
			isa = PBXSourcesBuildPhase;
			buildActionMask = 2147483647;
			files = (
				77DF40D11B1CD9B4006084E4 /* UnifyTests.swift in Sources */,
			);
			runOnlyForDeploymentPostprocessing = 0;
		};
/* End PBXSourcesBuildPhase section */

/* Begin PBXTargetDependency section */
		77DF40CC1B1CD9B4006084E4 /* PBXTargetDependency */ = {
			isa = PBXTargetDependency;
			target = 77DF40B41B1CD9B4006084E4 /* Unify */;
			targetProxy = 77DF40CB1B1CD9B4006084E4 /* PBXContainerItemProxy */;
		};
/* End PBXTargetDependency section */

/* Begin XCBuildConfiguration section */
		77DF40D21B1CD9B4006084E4 /* Debug */ = {
			isa = XCBuildConfiguration;
			buildSettings = {
				ALWAYS_SEARCH_USER_PATHS = NO;
				CLANG_CXX_LANGUAGE_STANDARD = "gnu++0x";
				CLANG_CXX_LIBRARY = "libc++";
				CLANG_ENABLE_MODULES = YES;
				CLANG_ENABLE_OBJC_ARC = YES;
				CLANG_WARN_BOOL_CONVERSION = YES;
				CLANG_WARN_CONSTANT_CONVERSION = YES;
				CLANG_WARN_DIRECT_OBJC_ISA_USAGE = YES_ERROR;
				CLANG_WARN_EMPTY_BODY = YES;
				CLANG_WARN_ENUM_CONVERSION = YES;
				CLANG_WARN_INT_CONVERSION = YES;
				CLANG_WARN_OBJC_ROOT_CLASS = YES_ERROR;
				CLANG_WARN_UNREACHABLE_CODE = YES;
				CLANG_WARN__DUPLICATE_METHOD_MATCH = YES;
				CODE_SIGN_IDENTITY = "iPhone Developer: mragendra sengar (ZABDZGGQ75)";
				"CODE_SIGN_IDENTITY[sdk=iphoneos*]" = "iPhone Developer: mragendra sengar (ZABDZGGQ75)";
				COPY_PHASE_STRIP = NO;
				DEBUG_INFORMATION_FORMAT = "dwarf-with-dsym";
				ENABLE_STRICT_OBJC_MSGSEND = YES;
				GCC_C_LANGUAGE_STANDARD = gnu99;
				GCC_DYNAMIC_NO_PIC = NO;
				GCC_NO_COMMON_BLOCKS = YES;
				GCC_OPTIMIZATION_LEVEL = 0;
				GCC_PREPROCESSOR_DEFINITIONS = (
					"DEBUG=1",
					"$(inherited)",
				);
				GCC_SYMBOLS_PRIVATE_EXTERN = NO;
				GCC_WARN_64_TO_32_BIT_CONVERSION = YES;
				GCC_WARN_ABOUT_RETURN_TYPE = YES_ERROR;
				GCC_WARN_UNDECLARED_SELECTOR = YES;
				GCC_WARN_UNINITIALIZED_AUTOS = YES_AGGRESSIVE;
				GCC_WARN_UNUSED_FUNCTION = YES;
				GCC_WARN_UNUSED_VARIABLE = YES;
				IPHONEOS_DEPLOYMENT_TARGET = 8.2;
				MTL_ENABLE_DEBUG_INFO = YES;
				ONLY_ACTIVE_ARCH = YES;
				PROVISIONING_PROFILE = "83e85ff2-20ee-413e-bdab-2b5ce94b1021";
				SDKROOT = iphoneos;
				SWIFT_OPTIMIZATION_LEVEL = "-Onone";
				TARGETED_DEVICE_FAMILY = "1,2";
			};
			name = Debug;
		};
		77DF40D31B1CD9B4006084E4 /* Release */ = {
			isa = XCBuildConfiguration;
			buildSettings = {
				ALWAYS_SEARCH_USER_PATHS = NO;
				CLANG_CXX_LANGUAGE_STANDARD = "gnu++0x";
				CLANG_CXX_LIBRARY = "libc++";
				CLANG_ENABLE_MODULES = YES;
				CLANG_ENABLE_OBJC_ARC = YES;
				CLANG_WARN_BOOL_CONVERSION = YES;
				CLANG_WARN_CONSTANT_CONVERSION = YES;
				CLANG_WARN_DIRECT_OBJC_ISA_USAGE = YES_ERROR;
				CLANG_WARN_EMPTY_BODY = YES;
				CLANG_WARN_ENUM_CONVERSION = YES;
				CLANG_WARN_INT_CONVERSION = YES;
				CLANG_WARN_OBJC_ROOT_CLASS = YES_ERROR;
				CLANG_WARN_UNREACHABLE_CODE = YES;
				CLANG_WARN__DUPLICATE_METHOD_MATCH = YES;
				"CODE_SIGN_IDENTITY[sdk=iphoneos*]" = "";
				COPY_PHASE_STRIP = NO;
				DEBUG_INFORMATION_FORMAT = "dwarf-with-dsym";
				ENABLE_NS_ASSERTIONS = NO;
				ENABLE_STRICT_OBJC_MSGSEND = YES;
				GCC_C_LANGUAGE_STANDARD = gnu99;
				GCC_NO_COMMON_BLOCKS = YES;
				GCC_WARN_64_TO_32_BIT_CONVERSION = YES;
				GCC_WARN_ABOUT_RETURN_TYPE = YES_ERROR;
				GCC_WARN_UNDECLARED_SELECTOR = YES;
				GCC_WARN_UNINITIALIZED_AUTOS = YES_AGGRESSIVE;
				GCC_WARN_UNUSED_FUNCTION = YES;
				GCC_WARN_UNUSED_VARIABLE = YES;
				IPHONEOS_DEPLOYMENT_TARGET = 8.2;
				MTL_ENABLE_DEBUG_INFO = NO;
				SDKROOT = iphoneos;
				TARGETED_DEVICE_FAMILY = "1,2";
				VALIDATE_PRODUCT = YES;
			};
			name = Release;
		};
		77DF40D51B1CD9B4006084E4 /* Debug */ = {
			isa = XCBuildConfiguration;
			baseConfigurationReference = 3DB5FD950EB7368CF568B4A0 /* Pods.debug.xcconfig */;
			buildSettings = {
				ASSETCATALOG_COMPILER_APPICON_NAME = AppIcon;
				ASSETCATALOG_COMPILER_LAUNCHIMAGE_NAME = LaunchImage;
				CLANG_ENABLE_MODULES = YES;
				CODE_SIGN_IDENTITY = "iPhone Developer";
				"CODE_SIGN_IDENTITY[sdk=iphoneos*]" = "iPhone Developer";
				FRAMEWORK_SEARCH_PATHS = (
					"$(inherited)",
					"$(PROJECT_DIR)",
					"$(PROJECT_DIR)/parse-library",
				);
				INFOPLIST_FILE = Unify/Info.plist;
				IPHONEOS_DEPLOYMENT_TARGET = 8.2;
				LD_RUNPATH_SEARCH_PATHS = "$(inherited) @executable_path/Frameworks";
				OTHER_LDFLAGS = (
					"$(inherited)",
					"-ObjC",
					"-framework",
					"\"Alamofire\"",
					"-framework",
					"\"Crashlytics\"",
					"-framework",
					"\"SVProgressHUD\"",
					"-framework",
					"\"SwiftyJSON\"",
				);
				PRODUCT_NAME = "$(TARGET_NAME)";
				PROVISIONING_PROFILE = "";
				SWIFT_OBJC_BRIDGING_HEADER = "Unify/Unify-Bridging-Header.h";
				SWIFT_OPTIMIZATION_LEVEL = "-Onone";
				TARGETED_DEVICE_FAMILY = 1;
			};
			name = Debug;
		};
		77DF40D61B1CD9B4006084E4 /* Release */ = {
			isa = XCBuildConfiguration;
			baseConfigurationReference = D21C955EBF8C304714409D74 /* Pods.release.xcconfig */;
			buildSettings = {
				ASSETCATALOG_COMPILER_APPICON_NAME = AppIcon;
				ASSETCATALOG_COMPILER_LAUNCHIMAGE_NAME = LaunchImage;
				CLANG_ENABLE_MODULES = YES;
				CODE_SIGN_IDENTITY = "iPhone Developer";
				"CODE_SIGN_IDENTITY[sdk=iphoneos*]" = "iPhone Developer";
				FRAMEWORK_SEARCH_PATHS = (
					"$(inherited)",
					"$(PROJECT_DIR)",
					"$(PROJECT_DIR)/parse-library",
				);
				INFOPLIST_FILE = Unify/Info.plist;
				IPHONEOS_DEPLOYMENT_TARGET = 8.2;
				LD_RUNPATH_SEARCH_PATHS = "$(inherited) @executable_path/Frameworks";
				PRODUCT_NAME = "$(TARGET_NAME)";
				PROVISIONING_PROFILE = "";
				SWIFT_OBJC_BRIDGING_HEADER = "Unify/Unify-Bridging-Header.h";
				TARGETED_DEVICE_FAMILY = 1;
			};
			name = Release;
		};
		77DF40D81B1CD9B4006084E4 /* Debug */ = {
			isa = XCBuildConfiguration;
			buildSettings = {
				BUNDLE_LOADER = "$(TEST_HOST)";
				CODE_SIGN_IDENTITY = "iPhone Developer";
				"CODE_SIGN_IDENTITY[sdk=iphoneos*]" = "iPhone Developer";
				FRAMEWORK_SEARCH_PATHS = (
					"$(SDKROOT)/Developer/Library/Frameworks",
					"$(inherited)",
					"$(PROJECT_DIR)",
					"$(PROJECT_DIR)/parse-library-1",
					"$(PROJECT_DIR)/parse-library",
				);
				GCC_PREPROCESSOR_DEFINITIONS = (
					"DEBUG=1",
					"$(inherited)",
				);
				INFOPLIST_FILE = UnifyTests/Info.plist;
				LD_RUNPATH_SEARCH_PATHS = "$(inherited) @executable_path/Frameworks @loader_path/Frameworks";
				PRODUCT_NAME = "$(TARGET_NAME)";
				PROVISIONING_PROFILE = "";
				TEST_HOST = "$(BUILT_PRODUCTS_DIR)/Unify.app/Unify";
			};
			name = Debug;
		};
		77DF40D91B1CD9B4006084E4 /* Release */ = {
			isa = XCBuildConfiguration;
			buildSettings = {
				BUNDLE_LOADER = "$(TEST_HOST)";
				CODE_SIGN_IDENTITY = "iPhone Developer";
				"CODE_SIGN_IDENTITY[sdk=iphoneos*]" = "iPhone Developer";
				FRAMEWORK_SEARCH_PATHS = (
					"$(SDKROOT)/Developer/Library/Frameworks",
					"$(inherited)",
					"$(PROJECT_DIR)",
					"$(PROJECT_DIR)/parse-library-1",
					"$(PROJECT_DIR)/parse-library",
				);
				INFOPLIST_FILE = UnifyTests/Info.plist;
				LD_RUNPATH_SEARCH_PATHS = "$(inherited) @executable_path/Frameworks @loader_path/Frameworks";
				PRODUCT_NAME = "$(TARGET_NAME)";
				PROVISIONING_PROFILE = "";
				TEST_HOST = "$(BUILT_PRODUCTS_DIR)/Unify.app/Unify";
			};
			name = Release;
		};
		77DF41021B1CF11C006084E4 /* AdHoc */ = {
			isa = XCBuildConfiguration;
			buildSettings = {
				ALWAYS_SEARCH_USER_PATHS = NO;
				CLANG_CXX_LANGUAGE_STANDARD = "gnu++0x";
				CLANG_CXX_LIBRARY = "libc++";
				CLANG_ENABLE_MODULES = YES;
				CLANG_ENABLE_OBJC_ARC = YES;
				CLANG_WARN_BOOL_CONVERSION = YES;
				CLANG_WARN_CONSTANT_CONVERSION = YES;
				CLANG_WARN_DIRECT_OBJC_ISA_USAGE = YES_ERROR;
				CLANG_WARN_EMPTY_BODY = YES;
				CLANG_WARN_ENUM_CONVERSION = YES;
				CLANG_WARN_INT_CONVERSION = YES;
				CLANG_WARN_OBJC_ROOT_CLASS = YES_ERROR;
				CLANG_WARN_UNREACHABLE_CODE = YES;
				CLANG_WARN__DUPLICATE_METHOD_MATCH = YES;
				"CODE_SIGN_IDENTITY[sdk=iphoneos*]" = "";
				COPY_PHASE_STRIP = NO;
				DEBUG_INFORMATION_FORMAT = "dwarf-with-dsym";
				ENABLE_NS_ASSERTIONS = NO;
				ENABLE_STRICT_OBJC_MSGSEND = YES;
				GCC_C_LANGUAGE_STANDARD = gnu99;
				GCC_NO_COMMON_BLOCKS = YES;
				GCC_WARN_64_TO_32_BIT_CONVERSION = YES;
				GCC_WARN_ABOUT_RETURN_TYPE = YES_ERROR;
				GCC_WARN_UNDECLARED_SELECTOR = YES;
				GCC_WARN_UNINITIALIZED_AUTOS = YES_AGGRESSIVE;
				GCC_WARN_UNUSED_FUNCTION = YES;
				GCC_WARN_UNUSED_VARIABLE = YES;
				IPHONEOS_DEPLOYMENT_TARGET = 8.2;
				MTL_ENABLE_DEBUG_INFO = NO;
				SDKROOT = iphoneos;
				TARGETED_DEVICE_FAMILY = "1,2";
				VALIDATE_PRODUCT = YES;
			};
			name = AdHoc;
		};
		77DF41031B1CF11C006084E4 /* AdHoc */ = {
			isa = XCBuildConfiguration;
			baseConfigurationReference = B4C49C5EC9208FD9B405BB87 /* Pods.adhoc.xcconfig */;
			buildSettings = {
				ASSETCATALOG_COMPILER_APPICON_NAME = AppIcon;
				ASSETCATALOG_COMPILER_LAUNCHIMAGE_NAME = LaunchImage;
				CLANG_ENABLE_MODULES = YES;
				CODE_SIGN_IDENTITY = "iPhone Developer";
				"CODE_SIGN_IDENTITY[sdk=iphoneos*]" = "iPhone Developer";
				FRAMEWORK_SEARCH_PATHS = (
					"$(inherited)",
					"$(PROJECT_DIR)",
					"$(PROJECT_DIR)/parse-library",
				);
				GCC_PREPROCESSOR_DEFINITIONS = "ADHOC=2";
				INFOPLIST_FILE = Unify/Info.plist;
				IPHONEOS_DEPLOYMENT_TARGET = 8.2;
				LD_RUNPATH_SEARCH_PATHS = "$(inherited) @executable_path/Frameworks";
				"OTHER_LDFLAGS[arch=*]" = (
					"$(inherited)",
					"-ObjC",
					"-l\"Pods-SVProgressHUD\"",
					"-framework",
					"\"Crashlytics\"",
					"-framework",
					"\"QuartzCore\"",
				);
				PRODUCT_NAME = "$(TARGET_NAME)";
				PROVISIONING_PROFILE = "";
				SWIFT_OBJC_BRIDGING_HEADER = "Unify/Unify-Bridging-Header.h";
				TARGETED_DEVICE_FAMILY = 1;
			};
			name = AdHoc;
		};
		77DF41041B1CF11C006084E4 /* AdHoc */ = {
			isa = XCBuildConfiguration;
			buildSettings = {
				BUNDLE_LOADER = "$(TEST_HOST)";
				CODE_SIGN_IDENTITY = "iPhone Developer";
				"CODE_SIGN_IDENTITY[sdk=iphoneos*]" = "iPhone Developer";
				FRAMEWORK_SEARCH_PATHS = (
					"$(SDKROOT)/Developer/Library/Frameworks",
					"$(inherited)",
					"$(PROJECT_DIR)",
					"$(PROJECT_DIR)/parse-library-1",
					"$(PROJECT_DIR)/parse-library",
				);
				INFOPLIST_FILE = UnifyTests/Info.plist;
				LD_RUNPATH_SEARCH_PATHS = "$(inherited) @executable_path/Frameworks @loader_path/Frameworks";
				PRODUCT_NAME = "$(TARGET_NAME)";
				PROVISIONING_PROFILE = "";
				TEST_HOST = "$(BUILT_PRODUCTS_DIR)/Unify.app/Unify";
			};
			name = AdHoc;
		};
/* End XCBuildConfiguration section */

/* Begin XCConfigurationList section */
		77DF40B01B1CD9B4006084E4 /* Build configuration list for PBXProject "Unify" */ = {
			isa = XCConfigurationList;
			buildConfigurations = (
				77DF40D21B1CD9B4006084E4 /* Debug */,
				77DF40D31B1CD9B4006084E4 /* Release */,
				77DF41021B1CF11C006084E4 /* AdHoc */,
			);
			defaultConfigurationIsVisible = 0;
			defaultConfigurationName = Release;
		};
		77DF40D41B1CD9B4006084E4 /* Build configuration list for PBXNativeTarget "Unify" */ = {
			isa = XCConfigurationList;
			buildConfigurations = (
				77DF40D51B1CD9B4006084E4 /* Debug */,
				77DF40D61B1CD9B4006084E4 /* Release */,
				77DF41031B1CF11C006084E4 /* AdHoc */,
			);
			defaultConfigurationIsVisible = 0;
			defaultConfigurationName = Release;
		};
		77DF40D71B1CD9B4006084E4 /* Build configuration list for PBXNativeTarget "UnifyTests" */ = {
			isa = XCConfigurationList;
			buildConfigurations = (
				77DF40D81B1CD9B4006084E4 /* Debug */,
				77DF40D91B1CD9B4006084E4 /* Release */,
				77DF41041B1CF11C006084E4 /* AdHoc */,
			);
			defaultConfigurationIsVisible = 0;
			defaultConfigurationName = Release;
		};
/* End XCConfigurationList section */
	};
	rootObject = 77DF40AD1B1CD9B4006084E4 /* Project object */;
}
